// !$*UTF8*$!
{
	archiveVersion = 1;
	classes = {
	};
	objectVersion = 46;
	objects = {

/* Begin PBXBuildFile section */
		5720B86619C3DBB000070CE1 /* Player_Left1.png in Resources */ = {isa = PBXBuildFile; fileRef = 5720B86219C3DBB000070CE1 /* Player_Left1.png */; };
		5720B86719C3DBB000070CE1 /* Player_Left2.png in Resources */ = {isa = PBXBuildFile; fileRef = 5720B86319C3DBB000070CE1 /* Player_Left2.png */; };
		5720B86819C3DBB000070CE1 /* Player_Left3.png in Resources */ = {isa = PBXBuildFile; fileRef = 5720B86419C3DBB000070CE1 /* Player_Left3.png */; };
		5720B86919C3DBB000070CE1 /* Player_Left4.png in Resources */ = {isa = PBXBuildFile; fileRef = 5720B86519C3DBB000070CE1 /* Player_Left4.png */; };
		5720B86C19C3F10500070CE1 /* Player_Left_Still.png in Resources */ = {isa = PBXBuildFile; fileRef = 5720B86A19C3F10500070CE1 /* Player_Left_Still.png */; };
		5720B86D19C3F10500070CE1 /* Player_Right_Still.png in Resources */ = {isa = PBXBuildFile; fileRef = 5720B86B19C3F10500070CE1 /* Player_Right_Still.png */; };
		5720B87019C3F25000070CE1 /* Player_LeftSkid.png in Resources */ = {isa = PBXBuildFile; fileRef = 5720B86E19C3F25000070CE1 /* Player_LeftSkid.png */; };
		5720B87119C3F25000070CE1 /* Player_RightSkid.png in Resources */ = {isa = PBXBuildFile; fileRef = 5720B86F19C3F25000070CE1 /* Player_RightSkid.png */; };
		5720B87519C73A2400070CE1 /* Backdrop_480.png in Resources */ = {isa = PBXBuildFile; fileRef = 5720B87319C73A2400070CE1 /* Backdrop_480.png */; };
		5720B87619C73A2400070CE1 /* Backdrop_568.png in Resources */ = {isa = PBXBuildFile; fileRef = 5720B87419C73A2400070CE1 /* Backdrop_568.png */; };
		5720B87819C74B9900070CE1 /* Base_600.png in Resources */ = {isa = PBXBuildFile; fileRef = 5720B87719C74B9900070CE1 /* Base_600.png */; };
		5720B87B19C779BA00070CE1 /* Player_LeftJump.png in Resources */ = {isa = PBXBuildFile; fileRef = 5720B87919C779BA00070CE1 /* Player_LeftJump.png */; };
		5720B87C19C779BA00070CE1 /* Player_RightJump.png in Resources */ = {isa = PBXBuildFile; fileRef = 5720B87A19C779BA00070CE1 /* Player_RightJump.png */; };
		5720B88019C8BFD900070CE1 /* SKBLedge.m in Sources */ = {isa = PBXBuildFile; fileRef = 5720B87F19C8BFD900070CE1 /* SKBLedge.m */; };
		5720B88219C8C07C00070CE1 /* LedgeBrick.png in Resources */ = {isa = PBXBuildFile; fileRef = 5720B88119C8C07C00070CE1 /* LedgeBrick.png */; };
		5720B88E19C932B800070CE1 /* Ratz_Left1.png in Resources */ = {isa = PBXBuildFile; fileRef = 5720B88419C932B800070CE1 /* Ratz_Left1.png */; };
		5720B88F19C932B800070CE1 /* Ratz_Left2.png in Resources */ = {isa = PBXBuildFile; fileRef = 5720B88519C932B800070CE1 /* Ratz_Left2.png */; };
		5720B89019C932B800070CE1 /* Ratz_Left3.png in Resources */ = {isa = PBXBuildFile; fileRef = 5720B88619C932B800070CE1 /* Ratz_Left3.png */; };
		5720B89119C932B800070CE1 /* Ratz_Left4.png in Resources */ = {isa = PBXBuildFile; fileRef = 5720B88719C932B800070CE1 /* Ratz_Left4.png */; };
		5720B89219C932B800070CE1 /* Ratz_Left5.png in Resources */ = {isa = PBXBuildFile; fileRef = 5720B88819C932B800070CE1 /* Ratz_Left5.png */; };
		5720B89319C932B800070CE1 /* Ratz_Right1.png in Resources */ = {isa = PBXBuildFile; fileRef = 5720B88919C932B800070CE1 /* Ratz_Right1.png */; };
		5720B89419C932B800070CE1 /* Ratz_Right2.png in Resources */ = {isa = PBXBuildFile; fileRef = 5720B88A19C932B800070CE1 /* Ratz_Right2.png */; };
		5720B89519C932B800070CE1 /* Ratz_Right3.png in Resources */ = {isa = PBXBuildFile; fileRef = 5720B88B19C932B800070CE1 /* Ratz_Right3.png */; };
		5720B89619C932B800070CE1 /* Ratz_Right4.png in Resources */ = {isa = PBXBuildFile; fileRef = 5720B88C19C932B800070CE1 /* Ratz_Right4.png */; };
		5720B89719C932B800070CE1 /* Ratz_Right5.png in Resources */ = {isa = PBXBuildFile; fileRef = 5720B88D19C932B800070CE1 /* Ratz_Right5.png */; };
		5720B89B19C9346500070CE1 /* SKBRatz.m in Sources */ = {isa = PBXBuildFile; fileRef = 5720B89A19C9346500070CE1 /* SKBRatz.m */; };
		57616F5719CA78A50046B927 /* CastOfCharacters.plist in Resources */ = {isa = PBXBuildFile; fileRef = 57616F5619CA78A50046B927 /* CastOfCharacters.plist */; };
		57616F6419CA8BFF0046B927 /* Text_Number_0.png in Resources */ = {isa = PBXBuildFile; fileRef = 57616F5919CA8BFF0046B927 /* Text_Number_0.png */; };
		57616F6519CA8BFF0046B927 /* Text_Number_1.png in Resources */ = {isa = PBXBuildFile; fileRef = 57616F5A19CA8BFF0046B927 /* Text_Number_1.png */; };
		57616F6619CA8BFF0046B927 /* Text_Number_2.png in Resources */ = {isa = PBXBuildFile; fileRef = 57616F5B19CA8BFF0046B927 /* Text_Number_2.png */; };
		57616F6719CA8BFF0046B927 /* Text_Number_3.png in Resources */ = {isa = PBXBuildFile; fileRef = 57616F5C19CA8BFF0046B927 /* Text_Number_3.png */; };
		57616F6819CA8BFF0046B927 /* Text_Number_4.png in Resources */ = {isa = PBXBuildFile; fileRef = 57616F5D19CA8BFF0046B927 /* Text_Number_4.png */; };
		57616F6919CA8BFF0046B927 /* Text_Number_5.png in Resources */ = {isa = PBXBuildFile; fileRef = 57616F5E19CA8BFF0046B927 /* Text_Number_5.png */; };
		57616F6A19CA8BFF0046B927 /* Text_Number_6.png in Resources */ = {isa = PBXBuildFile; fileRef = 57616F5F19CA8BFF0046B927 /* Text_Number_6.png */; };
		57616F6B19CA8BFF0046B927 /* Text_Number_7.png in Resources */ = {isa = PBXBuildFile; fileRef = 57616F6019CA8BFF0046B927 /* Text_Number_7.png */; };
		57616F6C19CA8BFF0046B927 /* Text_Number_8.png in Resources */ = {isa = PBXBuildFile; fileRef = 57616F6119CA8BFF0046B927 /* Text_Number_8.png */; };
		57616F6D19CA8BFF0046B927 /* Text_Number_9.png in Resources */ = {isa = PBXBuildFile; fileRef = 57616F6219CA8BFF0046B927 /* Text_Number_9.png */; };
		57616F6E19CA8BFF0046B927 /* Text_PlayerScoreHeader.png in Resources */ = {isa = PBXBuildFile; fileRef = 57616F6319CA8BFF0046B927 /* Text_PlayerScoreHeader.png */; };
		57616F7219CA8CCB0046B927 /* SKBScores.m in Sources */ = {isa = PBXBuildFile; fileRef = 57616F7119CA8CCB0046B927 /* SKBScores.m */; };
		5766F2CC19D35BEF00C5C35F /* CoinCollected.sks in Resources */ = {isa = PBXBuildFile; fileRef = 5766F2CA19D35BEF00C5C35F /* CoinCollected.sks */; };
		5766F2CD19D35BEF00C5C35F /* spark.png in Resources */ = {isa = PBXBuildFile; fileRef = 5766F2CB19D35BEF00C5C35F /* spark.png */; };
		5766F2D819D3684D00C5C35F /* Ratz_KO_L_Hit1.png in Resources */ = {isa = PBXBuildFile; fileRef = 5766F2CE19D3684D00C5C35F /* Ratz_KO_L_Hit1.png */; };
		5766F2D919D3684D00C5C35F /* Ratz_KO_L_Hit2.png in Resources */ = {isa = PBXBuildFile; fileRef = 5766F2CF19D3684D00C5C35F /* Ratz_KO_L_Hit2.png */; };
		5766F2DA19D3684D00C5C35F /* Ratz_KO_L_Hit3.png in Resources */ = {isa = PBXBuildFile; fileRef = 5766F2D019D3684D00C5C35F /* Ratz_KO_L_Hit3.png */; };
		5766F2DB19D3684D00C5C35F /* Ratz_KO_L_Hit4.png in Resources */ = {isa = PBXBuildFile; fileRef = 5766F2D119D3684D00C5C35F /* Ratz_KO_L_Hit4.png */; };
		5766F2DC19D3684D00C5C35F /* Ratz_KO_L_Hit5.png in Resources */ = {isa = PBXBuildFile; fileRef = 5766F2D219D3684D00C5C35F /* Ratz_KO_L_Hit5.png */; };
		5766F2DD19D3684D00C5C35F /* Ratz_KO_R_Hit1.png in Resources */ = {isa = PBXBuildFile; fileRef = 5766F2D319D3684D00C5C35F /* Ratz_KO_R_Hit1.png */; };
		5766F2DE19D3684D00C5C35F /* Ratz_KO_R_Hit2.png in Resources */ = {isa = PBXBuildFile; fileRef = 5766F2D419D3684D00C5C35F /* Ratz_KO_R_Hit2.png */; };
		5766F2DF19D3684D00C5C35F /* Ratz_KO_R_Hit3.png in Resources */ = {isa = PBXBuildFile; fileRef = 5766F2D519D3684D00C5C35F /* Ratz_KO_R_Hit3.png */; };
		5766F2E019D3684D00C5C35F /* Ratz_KO_R_Hit4.png in Resources */ = {isa = PBXBuildFile; fileRef = 5766F2D619D3684D00C5C35F /* Ratz_KO_R_Hit4.png */; };
		5766F2E119D3684D00C5C35F /* Ratz_KO_R_Hit5.png in Resources */ = {isa = PBXBuildFile; fileRef = 5766F2D719D3684D00C5C35F /* Ratz_KO_R_Hit5.png */; };
		5766F2E419D375CE00C5C35F /* EnemyCollected.caf in Resources */ = {isa = PBXBuildFile; fileRef = 5766F2E219D375CE00C5C35F /* EnemyCollected.caf */; };
		5766F2E519D375CE00C5C35F /* EnemyKO.caf in Resources */ = {isa = PBXBuildFile; fileRef = 5766F2E319D375CE00C5C35F /* EnemyKO.caf */; };
		5766F2E719D46EE100C5C35F /* Splashed.sks in Resources */ = {isa = PBXBuildFile; fileRef = 5766F2E619D46EE100C5C35F /* Splashed.sks */; };
		5766F2E919D4743700C5C35F /* Splash.caf in Resources */ = {isa = PBXBuildFile; fileRef = 5766F2E819D4743700C5C35F /* Splash.caf */; };
		57AE60F119CDD64D0020DC6C /* Jump.caf in Resources */ = {isa = PBXBuildFile; fileRef = 57AE60EA19CDD64D0020DC6C /* Jump.caf */; };
		57AE60F219CDD64D0020DC6C /* Run.caf in Resources */ = {isa = PBXBuildFile; fileRef = 57AE60EB19CDD64D0020DC6C /* Run.caf */; };
		57AE60F319CDD64D0020DC6C /* Skid.caf in Resources */ = {isa = PBXBuildFile; fileRef = 57AE60EC19CDD64D0020DC6C /* Skid.caf */; };
		57AE60F419CDD64D0020DC6C /* SpawnCoin.caf in Resources */ = {isa = PBXBuildFile; fileRef = 57AE60ED19CDD64D0020DC6C /* SpawnCoin.caf */; };
		57AE60F519CDD64D0020DC6C /* SpawnEnemy.caf in Resources */ = {isa = PBXBuildFile; fileRef = 57AE60EE19CDD64D0020DC6C /* SpawnEnemy.caf */; };
		57AE60F619CDD64D0020DC6C /* SpawnPlayer.caf in Resources */ = {isa = PBXBuildFile; fileRef = 57AE60EF19CDD64D0020DC6C /* SpawnPlayer.caf */; };
		57AE60F719CDD64D0020DC6C /* Theme.caf in Resources */ = {isa = PBXBuildFile; fileRef = 57AE60F019CDD64D0020DC6C /* Theme.caf */; };
		57BCEF6519CA350D001566A6 /* Coin1.png in Resources */ = {isa = PBXBuildFile; fileRef = 57BCEF6219CA350D001566A6 /* Coin1.png */; };
		57BCEF6619CA350D001566A6 /* Coin2.png in Resources */ = {isa = PBXBuildFile; fileRef = 57BCEF6319CA350D001566A6 /* Coin2.png */; };
		57BCEF6719CA350D001566A6 /* Coin3.png in Resources */ = {isa = PBXBuildFile; fileRef = 57BCEF6419CA350D001566A6 /* Coin3.png */; };
		57BCEF6B19CA3706001566A6 /* SKBCoin.m in Sources */ = {isa = PBXBuildFile; fileRef = 57BCEF6A19CA3706001566A6 /* SKBCoin.m */; };
		57DE656119D31AA100EC3163 /* Grate.png in Resources */ = {isa = PBXBuildFile; fileRef = 57DE655F19D31AA100EC3163 /* Grate.png */; };
		57DE656219D31AA100EC3163 /* Grate.psd in Resources */ = {isa = PBXBuildFile; fileRef = 57DE656019D31AA100EC3163 /* Grate.psd */; };
		57DE656619D31F9300EC3163 /* PipeLwrLeft.png in Resources */ = {isa = PBXBuildFile; fileRef = 57DE656419D31F9300EC3163 /* PipeLwrLeft.png */; };
		57DE656719D31F9300EC3163 /* PipeLwrRight.png in Resources */ = {isa = PBXBuildFile; fileRef = 57DE656519D31F9300EC3163 /* PipeLwrRight.png */; };
		57DE656919D34DAA00EC3163 /* CoinCollected.caf in Resources */ = {isa = PBXBuildFile; fileRef = 57DE656819D34DAA00EC3163 /* CoinCollected.caf */; };
		57F1421F19C274210075AE7A /* Foundation.framework in Frameworks */ = {isa = PBXBuildFile; fileRef = 57F1421E19C274210075AE7A /* Foundation.framework */; };
		57F1422119C274210075AE7A /* CoreGraphics.framework in Frameworks */ = {isa = PBXBuildFile; fileRef = 57F1422019C274210075AE7A /* CoreGraphics.framework */; };
		57F1422319C274210075AE7A /* UIKit.framework in Frameworks */ = {isa = PBXBuildFile; fileRef = 57F1422219C274210075AE7A /* UIKit.framework */; };
		57F1422519C274210075AE7A /* SpriteKit.framework in Frameworks */ = {isa = PBXBuildFile; fileRef = 57F1422419C274210075AE7A /* SpriteKit.framework */; };
		57F1422B19C274210075AE7A /* InfoPlist.strings in Resources */ = {isa = PBXBuildFile; fileRef = 57F1422919C274210075AE7A /* InfoPlist.strings */; };
		57F1422D19C274210075AE7A /* main.m in Sources */ = {isa = PBXBuildFile; fileRef = 57F1422C19C274210075AE7A /* main.m */; };
		57F1423119C274210075AE7A /* SKBAppDelegate.m in Sources */ = {isa = PBXBuildFile; fileRef = 57F1423019C274210075AE7A /* SKBAppDelegate.m */; };
		57F1423419C274210075AE7A /* Main.storyboard in Resources */ = {isa = PBXBuildFile; fileRef = 57F1423219C274210075AE7A /* Main.storyboard */; };
		57F1423719C274210075AE7A /* SKBViewController.m in Sources */ = {isa = PBXBuildFile; fileRef = 57F1423619C274210075AE7A /* SKBViewController.m */; };
		57F1423A19C274210075AE7A /* SKBSplashScene.m in Sources */ = {isa = PBXBuildFile; fileRef = 57F1423919C274210075AE7A /* SKBSplashScene.m */; };
		57F1423C19C274210075AE7A /* Spaceship.png in Resources */ = {isa = PBXBuildFile; fileRef = 57F1423B19C274210075AE7A /* Spaceship.png */; };
		57F1423E19C274210075AE7A /* Images.xcassets in Resources */ = {isa = PBXBuildFile; fileRef = 57F1423D19C274210075AE7A /* Images.xcassets */; };
		57F1424519C274210075AE7A /* XCTest.framework in Frameworks */ = {isa = PBXBuildFile; fileRef = 57F1424419C274210075AE7A /* XCTest.framework */; };
		57F1424619C274210075AE7A /* Foundation.framework in Frameworks */ = {isa = PBXBuildFile; fileRef = 57F1421E19C274210075AE7A /* Foundation.framework */; };
		57F1424719C274210075AE7A /* UIKit.framework in Frameworks */ = {isa = PBXBuildFile; fileRef = 57F1422219C274210075AE7A /* UIKit.framework */; };
		57F1424F19C274210075AE7A /* InfoPlist.strings in Resources */ = {isa = PBXBuildFile; fileRef = 57F1424D19C274210075AE7A /* InfoPlist.strings */; };
		57F1425119C274220075AE7A /* Sewer_BrosTests.m in Sources */ = {isa = PBXBuildFile; fileRef = 57F1425019C274220075AE7A /* Sewer_BrosTests.m */; };
		57F1426219C2784B0075AE7A /* Player_Right1.png in Resources */ = {isa = PBXBuildFile; fileRef = 57F1425C19C2784B0075AE7A /* Player_Right1.png */; };
		57F1426319C2784B0075AE7A /* Player_Right2.png in Resources */ = {isa = PBXBuildFile; fileRef = 57F1425D19C2784B0075AE7A /* Player_Right2.png */; };
		57F1426419C2784B0075AE7A /* Player_Right3.png in Resources */ = {isa = PBXBuildFile; fileRef = 57F1425E19C2784B0075AE7A /* Player_Right3.png */; };
		57F1426519C2784B0075AE7A /* Player_Right4.png in Resources */ = {isa = PBXBuildFile; fileRef = 57F1425F19C2784B0075AE7A /* Player_Right4.png */; };
		57F1426619C2784B0075AE7A /* SewerSplash_480.png in Resources */ = {isa = PBXBuildFile; fileRef = 57F1426019C2784B0075AE7A /* SewerSplash_480.png */; };
		57F1426719C2784B0075AE7A /* SewerSplash_568.png in Resources */ = {isa = PBXBuildFile; fileRef = 57F1426119C2784B0075AE7A /* SewerSplash_568.png */; };
		57F1426A19C340190075AE7A /* SKBGameScene.m in Sources */ = {isa = PBXBuildFile; fileRef = 57F1426919C340190075AE7A /* SKBGameScene.m */; };
		57F1426E19C395870075AE7A /* SKBPlayer.m in Sources */ = {isa = PBXBuildFile; fileRef = 57F1426D19C395870075AE7A /* SKBPlayer.m */; };
		57F1427619C39E6E0075AE7A /* SKBSpriteTextures.m in Sources */ = {isa = PBXBuildFile; fileRef = 57F1427519C39E6E0075AE7A /* SKBSpriteTextures.m */; };
		57FEC07619DCD2AE00604464 /* Playerbitten.caf in Resources */ = {isa = PBXBuildFile; fileRef = 57FEC07519DCD2AE00604464 /* Playerbitten.caf */; };
		57FEC07819DCFDD700604464 /* Text_HighScoreHeader.png in Resources */ = {isa = PBXBuildFile; fileRef = 57FEC07719DCFDD700604464 /* Text_HighScoreHeader.png */; };
		57FEC07A19DDE1E000604464 /* LevelCompleted.caf in Resources */ = {isa = PBXBuildFile; fileRef = 57FEC07919DDE1E000604464 /* LevelCompleted.caf */; };
		57FEC09E19DE1D8C00604464 /* Gatorz_KO_L_Hit1.png in Resources */ = {isa = PBXBuildFile; fileRef = 57FEC07C19DE1D8C00604464 /* Gatorz_KO_L_Hit1.png */; };
		57FEC09F19DE1D8C00604464 /* Gatorz_KO_L_Hit2.png in Resources */ = {isa = PBXBuildFile; fileRef = 57FEC07D19DE1D8C00604464 /* Gatorz_KO_L_Hit2.png */; };
		57FEC0A019DE1D8C00604464 /* Gatorz_KO_L_Hit3.png in Resources */ = {isa = PBXBuildFile; fileRef = 57FEC07E19DE1D8C00604464 /* Gatorz_KO_L_Hit3.png */; };
		57FEC0A119DE1D8C00604464 /* Gatorz_KO_L_Hit4.png in Resources */ = {isa = PBXBuildFile; fileRef = 57FEC07F19DE1D8C00604464 /* Gatorz_KO_L_Hit4.png */; };
		57FEC0A219DE1D8C00604464 /* Gatorz_KO_R_Hit1.png in Resources */ = {isa = PBXBuildFile; fileRef = 57FEC08019DE1D8C00604464 /* Gatorz_KO_R_Hit1.png */; };
		57FEC0A319DE1D8C00604464 /* Gatorz_KO_R_Hit2.png in Resources */ = {isa = PBXBuildFile; fileRef = 57FEC08119DE1D8C00604464 /* Gatorz_KO_R_Hit2.png */; };
		57FEC0A419DE1D8C00604464 /* Gatorz_KO_R_Hit3.png in Resources */ = {isa = PBXBuildFile; fileRef = 57FEC08219DE1D8C00604464 /* Gatorz_KO_R_Hit3.png */; };
		57FEC0A519DE1D8C00604464 /* Gatorz_KO_R_Hit4.png in Resources */ = {isa = PBXBuildFile; fileRef = 57FEC08319DE1D8C00604464 /* Gatorz_KO_R_Hit4.png */; };
		57FEC0A619DE1D8C00604464 /* Gatorz_Left_1.png in Resources */ = {isa = PBXBuildFile; fileRef = 57FEC08419DE1D8C00604464 /* Gatorz_Left_1.png */; };
		57FEC0A719DE1D8C00604464 /* Gatorz_Left_2.png in Resources */ = {isa = PBXBuildFile; fileRef = 57FEC08519DE1D8C00604464 /* Gatorz_Left_2.png */; };
		57FEC0A819DE1D8C00604464 /* Gatorz_Left_3.png in Resources */ = {isa = PBXBuildFile; fileRef = 57FEC08619DE1D8C00604464 /* Gatorz_Left_3.png */; };
		57FEC0A919DE1D8C00604464 /* Gatorz_Left_4.png in Resources */ = {isa = PBXBuildFile; fileRef = 57FEC08719DE1D8C00604464 /* Gatorz_Left_4.png */; };
		57FEC0AA19DE1D8C00604464 /* Gatorz_Left_5.png in Resources */ = {isa = PBXBuildFile; fileRef = 57FEC08819DE1D8C00604464 /* Gatorz_Left_5.png */; };
		57FEC0AB19DE1D8C00604464 /* Gatorz_Left_turn1.png in Resources */ = {isa = PBXBuildFile; fileRef = 57FEC08919DE1D8C00604464 /* Gatorz_Left_turn1.png */; };
		57FEC0AC19DE1D8C00604464 /* Gatorz_Left_turn2.png in Resources */ = {isa = PBXBuildFile; fileRef = 57FEC08A19DE1D8C00604464 /* Gatorz_Left_turn2.png */; };
		57FEC0AD19DE1D8C00604464 /* Gatorz_Left_turn3.png in Resources */ = {isa = PBXBuildFile; fileRef = 57FEC08B19DE1D8C00604464 /* Gatorz_Left_turn3.png */; };
		57FEC0AE19DE1D8C00604464 /* Gatorz_Mad_Left_1.png in Resources */ = {isa = PBXBuildFile; fileRef = 57FEC08C19DE1D8C00604464 /* Gatorz_Mad_Left_1.png */; };
		57FEC0AF19DE1D8C00604464 /* Gatorz_Mad_Left_2.png in Resources */ = {isa = PBXBuildFile; fileRef = 57FEC08D19DE1D8C00604464 /* Gatorz_Mad_Left_2.png */; };
		57FEC0B019DE1D8C00604464 /* Gatorz_Mad_Left_3.png in Resources */ = {isa = PBXBuildFile; fileRef = 57FEC08E19DE1D8C00604464 /* Gatorz_Mad_Left_3.png */; };
		57FEC0B119DE1D8C00604464 /* Gatorz_Mad_Left_4.png in Resources */ = {isa = PBXBuildFile; fileRef = 57FEC08F19DE1D8C00604464 /* Gatorz_Mad_Left_4.png */; };
		57FEC0B219DE1D8C00604464 /* Gatorz_Mad_Left_5.png in Resources */ = {isa = PBXBuildFile; fileRef = 57FEC09019DE1D8C00604464 /* Gatorz_Mad_Left_5.png */; };
		57FEC0B319DE1D8C00604464 /* Gatorz_Mad_Right_1.png in Resources */ = {isa = PBXBuildFile; fileRef = 57FEC09119DE1D8C00604464 /* Gatorz_Mad_Right_1.png */; };
		57FEC0B419DE1D8C00604464 /* Gatorz_Mad_Right_2.png in Resources */ = {isa = PBXBuildFile; fileRef = 57FEC09219DE1D8C00604464 /* Gatorz_Mad_Right_2.png */; };
		57FEC0B519DE1D8C00604464 /* Gatorz_Mad_Right_3.png in Resources */ = {isa = PBXBuildFile; fileRef = 57FEC09319DE1D8C00604464 /* Gatorz_Mad_Right_3.png */; };
		57FEC0B619DE1D8C00604464 /* Gatorz_Mad_Right_4.png in Resources */ = {isa = PBXBuildFile; fileRef = 57FEC09419DE1D8C00604464 /* Gatorz_Mad_Right_4.png */; };
		57FEC0B719DE1D8C00604464 /* Gatorz_Mad_Right_5.png in Resources */ = {isa = PBXBuildFile; fileRef = 57FEC09519DE1D8C00604464 /* Gatorz_Mad_Right_5.png */; };
		57FEC0B819DE1D8C00604464 /* Gatorz_Right_1.png in Resources */ = {isa = PBXBuildFile; fileRef = 57FEC09619DE1D8C00604464 /* Gatorz_Right_1.png */; };
		57FEC0B919DE1D8C00604464 /* Gatorz_Right_2.png in Resources */ = {isa = PBXBuildFile; fileRef = 57FEC09719DE1D8C00604464 /* Gatorz_Right_2.png */; };
		57FEC0BA19DE1D8C00604464 /* Gatorz_Right_3.png in Resources */ = {isa = PBXBuildFile; fileRef = 57FEC09819DE1D8C00604464 /* Gatorz_Right_3.png */; };
		57FEC0BB19DE1D8C00604464 /* Gatorz_Right_4.png in Resources */ = {isa = PBXBuildFile; fileRef = 57FEC09919DE1D8C00604464 /* Gatorz_Right_4.png */; };
		57FEC0BC19DE1D8C00604464 /* Gatorz_Right_5.png in Resources */ = {isa = PBXBuildFile; fileRef = 57FEC09A19DE1D8C00604464 /* Gatorz_Right_5.png */; };
		57FEC0BD19DE1D8C00604464 /* Gatorz_Right_turn1.png in Resources */ = {isa = PBXBuildFile; fileRef = 57FEC09B19DE1D8C00604464 /* Gatorz_Right_turn1.png */; };
		57FEC0BE19DE1D8C00604464 /* Gatorz_Right_turn2.png in Resources */ = {isa = PBXBuildFile; fileRef = 57FEC09C19DE1D8C00604464 /* Gatorz_Right_turn2.png */; };
		57FEC0BF19DE1D8C00604464 /* Gatorz_Right_turn3.png in Resources */ = {isa = PBXBuildFile; fileRef = 57FEC09D19DE1D8C00604464 /* Gatorz_Right_turn3.png */; };
		57FEC0C319DE206100604464 /* SKBGatorz.m in Sources */ = {isa = PBXBuildFile; fileRef = 57FEC0C219DE206100604464 /* SKBGatorz.m */; };
		57FEC0C519DE505200604464 /* Instructions.png in Resources */ = {isa = PBXBuildFile; fileRef = 57FEC0C419DE505200604464 /* Instructions.png */; };
/* End PBXBuildFile section */

/* Begin PBXContainerItemProxy section */
		57F1424819C274210075AE7A /* PBXContainerItemProxy */ = {
			isa = PBXContainerItemProxy;
			containerPortal = 57F1421319C274210075AE7A /* Project object */;
			proxyType = 1;
			remoteGlobalIDString = 57F1421A19C274210075AE7A;
			remoteInfo = "Sewer Bros";
		};
/* End PBXContainerItemProxy section */

/* Begin PBXFileReference section */
		5720B86219C3DBB000070CE1 /* Player_Left1.png */ = {isa = PBXFileReference; lastKnownFileType = image.png; path = Player_Left1.png; sourceTree = "<group>"; };
		5720B86319C3DBB000070CE1 /* Player_Left2.png */ = {isa = PBXFileReference; lastKnownFileType = image.png; path = Player_Left2.png; sourceTree = "<group>"; };
		5720B86419C3DBB000070CE1 /* Player_Left3.png */ = {isa = PBXFileReference; lastKnownFileType = image.png; path = Player_Left3.png; sourceTree = "<group>"; };
		5720B86519C3DBB000070CE1 /* Player_Left4.png */ = {isa = PBXFileReference; lastKnownFileType = image.png; path = Player_Left4.png; sourceTree = "<group>"; };
		5720B86A19C3F10500070CE1 /* Player_Left_Still.png */ = {isa = PBXFileReference; lastKnownFileType = image.png; path = Player_Left_Still.png; sourceTree = "<group>"; };
		5720B86B19C3F10500070CE1 /* Player_Right_Still.png */ = {isa = PBXFileReference; lastKnownFileType = image.png; path = Player_Right_Still.png; sourceTree = "<group>"; };
		5720B86E19C3F25000070CE1 /* Player_LeftSkid.png */ = {isa = PBXFileReference; lastKnownFileType = image.png; path = Player_LeftSkid.png; sourceTree = "<group>"; };
		5720B86F19C3F25000070CE1 /* Player_RightSkid.png */ = {isa = PBXFileReference; lastKnownFileType = image.png; path = Player_RightSkid.png; sourceTree = "<group>"; };
		5720B87319C73A2400070CE1 /* Backdrop_480.png */ = {isa = PBXFileReference; lastKnownFileType = image.png; path = Backdrop_480.png; sourceTree = "<group>"; };
		5720B87419C73A2400070CE1 /* Backdrop_568.png */ = {isa = PBXFileReference; lastKnownFileType = image.png; path = Backdrop_568.png; sourceTree = "<group>"; };
		5720B87719C74B9900070CE1 /* Base_600.png */ = {isa = PBXFileReference; lastKnownFileType = image.png; path = Base_600.png; sourceTree = "<group>"; };
		5720B87919C779BA00070CE1 /* Player_LeftJump.png */ = {isa = PBXFileReference; lastKnownFileType = image.png; path = Player_LeftJump.png; sourceTree = "<group>"; };
		5720B87A19C779BA00070CE1 /* Player_RightJump.png */ = {isa = PBXFileReference; lastKnownFileType = image.png; path = Player_RightJump.png; sourceTree = "<group>"; };
		5720B87E19C8BFD900070CE1 /* SKBLedge.h */ = {isa = PBXFileReference; fileEncoding = 4; lastKnownFileType = sourcecode.c.h; path = SKBLedge.h; sourceTree = "<group>"; };
		5720B87F19C8BFD900070CE1 /* SKBLedge.m */ = {isa = PBXFileReference; fileEncoding = 4; lastKnownFileType = sourcecode.c.objc; path = SKBLedge.m; sourceTree = "<group>"; };
		5720B88119C8C07C00070CE1 /* LedgeBrick.png */ = {isa = PBXFileReference; lastKnownFileType = image.png; path = LedgeBrick.png; sourceTree = "<group>"; };
		5720B88419C932B800070CE1 /* Ratz_Left1.png */ = {isa = PBXFileReference; lastKnownFileType = image.png; path = Ratz_Left1.png; sourceTree = "<group>"; };
		5720B88519C932B800070CE1 /* Ratz_Left2.png */ = {isa = PBXFileReference; lastKnownFileType = image.png; path = Ratz_Left2.png; sourceTree = "<group>"; };
		5720B88619C932B800070CE1 /* Ratz_Left3.png */ = {isa = PBXFileReference; lastKnownFileType = image.png; path = Ratz_Left3.png; sourceTree = "<group>"; };
		5720B88719C932B800070CE1 /* Ratz_Left4.png */ = {isa = PBXFileReference; lastKnownFileType = image.png; path = Ratz_Left4.png; sourceTree = "<group>"; };
		5720B88819C932B800070CE1 /* Ratz_Left5.png */ = {isa = PBXFileReference; lastKnownFileType = image.png; path = Ratz_Left5.png; sourceTree = "<group>"; };
		5720B88919C932B800070CE1 /* Ratz_Right1.png */ = {isa = PBXFileReference; lastKnownFileType = image.png; path = Ratz_Right1.png; sourceTree = "<group>"; };
		5720B88A19C932B800070CE1 /* Ratz_Right2.png */ = {isa = PBXFileReference; lastKnownFileType = image.png; path = Ratz_Right2.png; sourceTree = "<group>"; };
		5720B88B19C932B800070CE1 /* Ratz_Right3.png */ = {isa = PBXFileReference; lastKnownFileType = image.png; path = Ratz_Right3.png; sourceTree = "<group>"; };
		5720B88C19C932B800070CE1 /* Ratz_Right4.png */ = {isa = PBXFileReference; lastKnownFileType = image.png; path = Ratz_Right4.png; sourceTree = "<group>"; };
		5720B88D19C932B800070CE1 /* Ratz_Right5.png */ = {isa = PBXFileReference; lastKnownFileType = image.png; path = Ratz_Right5.png; sourceTree = "<group>"; };
		5720B89919C9346500070CE1 /* SKBRatz.h */ = {isa = PBXFileReference; fileEncoding = 4; lastKnownFileType = sourcecode.c.h; path = SKBRatz.h; sourceTree = "<group>"; };
		5720B89A19C9346500070CE1 /* SKBRatz.m */ = {isa = PBXFileReference; fileEncoding = 4; lastKnownFileType = sourcecode.c.objc; path = SKBRatz.m; sourceTree = "<group>"; };
		57616F5619CA78A50046B927 /* CastOfCharacters.plist */ = {isa = PBXFileReference; fileEncoding = 4; lastKnownFileType = text.plist.xml; path = CastOfCharacters.plist; sourceTree = "<group>"; };
		57616F5919CA8BFF0046B927 /* Text_Number_0.png */ = {isa = PBXFileReference; lastKnownFileType = image.png; path = Text_Number_0.png; sourceTree = "<group>"; };
		57616F5A19CA8BFF0046B927 /* Text_Number_1.png */ = {isa = PBXFileReference; lastKnownFileType = image.png; path = Text_Number_1.png; sourceTree = "<group>"; };
		57616F5B19CA8BFF0046B927 /* Text_Number_2.png */ = {isa = PBXFileReference; lastKnownFileType = image.png; path = Text_Number_2.png; sourceTree = "<group>"; };
		57616F5C19CA8BFF0046B927 /* Text_Number_3.png */ = {isa = PBXFileReference; lastKnownFileType = image.png; path = Text_Number_3.png; sourceTree = "<group>"; };
		57616F5D19CA8BFF0046B927 /* Text_Number_4.png */ = {isa = PBXFileReference; lastKnownFileType = image.png; path = Text_Number_4.png; sourceTree = "<group>"; };
		57616F5E19CA8BFF0046B927 /* Text_Number_5.png */ = {isa = PBXFileReference; lastKnownFileType = image.png; path = Text_Number_5.png; sourceTree = "<group>"; };
		57616F5F19CA8BFF0046B927 /* Text_Number_6.png */ = {isa = PBXFileReference; lastKnownFileType = image.png; path = Text_Number_6.png; sourceTree = "<group>"; };
		57616F6019CA8BFF0046B927 /* Text_Number_7.png */ = {isa = PBXFileReference; lastKnownFileType = image.png; path = Text_Number_7.png; sourceTree = "<group>"; };
		57616F6119CA8BFF0046B927 /* Text_Number_8.png */ = {isa = PBXFileReference; lastKnownFileType = image.png; path = Text_Number_8.png; sourceTree = "<group>"; };
		57616F6219CA8BFF0046B927 /* Text_Number_9.png */ = {isa = PBXFileReference; lastKnownFileType = image.png; path = Text_Number_9.png; sourceTree = "<group>"; };
		57616F6319CA8BFF0046B927 /* Text_PlayerScoreHeader.png */ = {isa = PBXFileReference; lastKnownFileType = image.png; path = Text_PlayerScoreHeader.png; sourceTree = "<group>"; };
		57616F7019CA8CCB0046B927 /* SKBScores.h */ = {isa = PBXFileReference; fileEncoding = 4; lastKnownFileType = sourcecode.c.h; path = SKBScores.h; sourceTree = "<group>"; };
		57616F7119CA8CCB0046B927 /* SKBScores.m */ = {isa = PBXFileReference; fileEncoding = 4; lastKnownFileType = sourcecode.c.objc; path = SKBScores.m; sourceTree = "<group>"; };
		5766F2CA19D35BEF00C5C35F /* CoinCollected.sks */ = {isa = PBXFileReference; lastKnownFileType = file.sks; path = CoinCollected.sks; sourceTree = "<group>"; };
		5766F2CB19D35BEF00C5C35F /* spark.png */ = {isa = PBXFileReference; lastKnownFileType = image.png; path = spark.png; sourceTree = "<group>"; };
		5766F2CE19D3684D00C5C35F /* Ratz_KO_L_Hit1.png */ = {isa = PBXFileReference; lastKnownFileType = image.png; path = Ratz_KO_L_Hit1.png; sourceTree = "<group>"; };
		5766F2CF19D3684D00C5C35F /* Ratz_KO_L_Hit2.png */ = {isa = PBXFileReference; lastKnownFileType = image.png; path = Ratz_KO_L_Hit2.png; sourceTree = "<group>"; };
		5766F2D019D3684D00C5C35F /* Ratz_KO_L_Hit3.png */ = {isa = PBXFileReference; lastKnownFileType = image.png; path = Ratz_KO_L_Hit3.png; sourceTree = "<group>"; };
		5766F2D119D3684D00C5C35F /* Ratz_KO_L_Hit4.png */ = {isa = PBXFileReference; lastKnownFileType = image.png; path = Ratz_KO_L_Hit4.png; sourceTree = "<group>"; };
		5766F2D219D3684D00C5C35F /* Ratz_KO_L_Hit5.png */ = {isa = PBXFileReference; lastKnownFileType = image.png; path = Ratz_KO_L_Hit5.png; sourceTree = "<group>"; };
		5766F2D319D3684D00C5C35F /* Ratz_KO_R_Hit1.png */ = {isa = PBXFileReference; lastKnownFileType = image.png; path = Ratz_KO_R_Hit1.png; sourceTree = "<group>"; };
		5766F2D419D3684D00C5C35F /* Ratz_KO_R_Hit2.png */ = {isa = PBXFileReference; lastKnownFileType = image.png; path = Ratz_KO_R_Hit2.png; sourceTree = "<group>"; };
		5766F2D519D3684D00C5C35F /* Ratz_KO_R_Hit3.png */ = {isa = PBXFileReference; lastKnownFileType = image.png; path = Ratz_KO_R_Hit3.png; sourceTree = "<group>"; };
		5766F2D619D3684D00C5C35F /* Ratz_KO_R_Hit4.png */ = {isa = PBXFileReference; lastKnownFileType = image.png; path = Ratz_KO_R_Hit4.png; sourceTree = "<group>"; };
		5766F2D719D3684D00C5C35F /* Ratz_KO_R_Hit5.png */ = {isa = PBXFileReference; lastKnownFileType = image.png; path = Ratz_KO_R_Hit5.png; sourceTree = "<group>"; };
		5766F2E219D375CE00C5C35F /* EnemyCollected.caf */ = {isa = PBXFileReference; lastKnownFileType = file; path = EnemyCollected.caf; sourceTree = "<group>"; };
		5766F2E319D375CE00C5C35F /* EnemyKO.caf */ = {isa = PBXFileReference; lastKnownFileType = file; path = EnemyKO.caf; sourceTree = "<group>"; };
		5766F2E619D46EE100C5C35F /* Splashed.sks */ = {isa = PBXFileReference; lastKnownFileType = file.sks; path = Splashed.sks; sourceTree = "<group>"; };
		5766F2E819D4743700C5C35F /* Splash.caf */ = {isa = PBXFileReference; lastKnownFileType = file; path = Splash.caf; sourceTree = "<group>"; };
		57AE60EA19CDD64D0020DC6C /* Jump.caf */ = {isa = PBXFileReference; lastKnownFileType = file; path = Jump.caf; sourceTree = "<group>"; };
		57AE60EB19CDD64D0020DC6C /* Run.caf */ = {isa = PBXFileReference; lastKnownFileType = file; path = Run.caf; sourceTree = "<group>"; };
		57AE60EC19CDD64D0020DC6C /* Skid.caf */ = {isa = PBXFileReference; lastKnownFileType = file; path = Skid.caf; sourceTree = "<group>"; };
		57AE60ED19CDD64D0020DC6C /* SpawnCoin.caf */ = {isa = PBXFileReference; lastKnownFileType = file; path = SpawnCoin.caf; sourceTree = "<group>"; };
		57AE60EE19CDD64D0020DC6C /* SpawnEnemy.caf */ = {isa = PBXFileReference; lastKnownFileType = file; path = SpawnEnemy.caf; sourceTree = "<group>"; };
		57AE60EF19CDD64D0020DC6C /* SpawnPlayer.caf */ = {isa = PBXFileReference; lastKnownFileType = file; path = SpawnPlayer.caf; sourceTree = "<group>"; };
		57AE60F019CDD64D0020DC6C /* Theme.caf */ = {isa = PBXFileReference; lastKnownFileType = file; path = Theme.caf; sourceTree = "<group>"; };
		57BCEF6219CA350D001566A6 /* Coin1.png */ = {isa = PBXFileReference; lastKnownFileType = image.png; path = Coin1.png; sourceTree = "<group>"; };
		57BCEF6319CA350D001566A6 /* Coin2.png */ = {isa = PBXFileReference; lastKnownFileType = image.png; path = Coin2.png; sourceTree = "<group>"; };
		57BCEF6419CA350D001566A6 /* Coin3.png */ = {isa = PBXFileReference; lastKnownFileType = image.png; path = Coin3.png; sourceTree = "<group>"; };
		57BCEF6919CA3706001566A6 /* SKBCoin.h */ = {isa = PBXFileReference; fileEncoding = 4; lastKnownFileType = sourcecode.c.h; path = SKBCoin.h; sourceTree = "<group>"; };
		57BCEF6A19CA3706001566A6 /* SKBCoin.m */ = {isa = PBXFileReference; fileEncoding = 4; lastKnownFileType = sourcecode.c.objc; path = SKBCoin.m; sourceTree = "<group>"; };
		57DE655F19D31AA100EC3163 /* Grate.png */ = {isa = PBXFileReference; lastKnownFileType = image.png; path = Grate.png; sourceTree = "<group>"; };
		57DE656019D31AA100EC3163 /* Grate.psd */ = {isa = PBXFileReference; lastKnownFileType = file; path = Grate.psd; sourceTree = "<group>"; };
		57DE656419D31F9300EC3163 /* PipeLwrLeft.png */ = {isa = PBXFileReference; lastKnownFileType = image.png; path = PipeLwrLeft.png; sourceTree = "<group>"; };
		57DE656519D31F9300EC3163 /* PipeLwrRight.png */ = {isa = PBXFileReference; lastKnownFileType = image.png; path = PipeLwrRight.png; sourceTree = "<group>"; };
		57DE656819D34DAA00EC3163 /* CoinCollected.caf */ = {isa = PBXFileReference; lastKnownFileType = file; path = CoinCollected.caf; sourceTree = "<group>"; };
		57F1421B19C274210075AE7A /* Sewer Bros.app */ = {isa = PBXFileReference; explicitFileType = wrapper.application; includeInIndex = 0; path = "Sewer Bros.app"; sourceTree = BUILT_PRODUCTS_DIR; };
		57F1421E19C274210075AE7A /* Foundation.framework */ = {isa = PBXFileReference; lastKnownFileType = wrapper.framework; name = Foundation.framework; path = System/Library/Frameworks/Foundation.framework; sourceTree = SDKROOT; };
		57F1422019C274210075AE7A /* CoreGraphics.framework */ = {isa = PBXFileReference; lastKnownFileType = wrapper.framework; name = CoreGraphics.framework; path = System/Library/Frameworks/CoreGraphics.framework; sourceTree = SDKROOT; };
		57F1422219C274210075AE7A /* UIKit.framework */ = {isa = PBXFileReference; lastKnownFileType = wrapper.framework; name = UIKit.framework; path = System/Library/Frameworks/UIKit.framework; sourceTree = SDKROOT; };
		57F1422419C274210075AE7A /* SpriteKit.framework */ = {isa = PBXFileReference; lastKnownFileType = wrapper.framework; name = SpriteKit.framework; path = System/Library/Frameworks/SpriteKit.framework; sourceTree = SDKROOT; };
		57F1422819C274210075AE7A /* Sewer Bros-Info.plist */ = {isa = PBXFileReference; lastKnownFileType = text.plist.xml; path = "Sewer Bros-Info.plist"; sourceTree = "<group>"; };
		57F1422A19C274210075AE7A /* en */ = {isa = PBXFileReference; lastKnownFileType = text.plist.strings; name = en; path = en.lproj/InfoPlist.strings; sourceTree = "<group>"; };
		57F1422C19C274210075AE7A /* main.m */ = {isa = PBXFileReference; lastKnownFileType = sourcecode.c.objc; path = main.m; sourceTree = "<group>"; };
		57F1422E19C274210075AE7A /* Sewer Bros-Prefix.pch */ = {isa = PBXFileReference; lastKnownFileType = sourcecode.c.h; path = "Sewer Bros-Prefix.pch"; sourceTree = "<group>"; };
		57F1422F19C274210075AE7A /* SKBAppDelegate.h */ = {isa = PBXFileReference; lastKnownFileType = sourcecode.c.h; path = SKBAppDelegate.h; sourceTree = "<group>"; };
		57F1423019C274210075AE7A /* SKBAppDelegate.m */ = {isa = PBXFileReference; lastKnownFileType = sourcecode.c.objc; path = SKBAppDelegate.m; sourceTree = "<group>"; };
		57F1423319C274210075AE7A /* Base */ = {isa = PBXFileReference; lastKnownFileType = file.storyboard; name = Base; path = Base.lproj/Main.storyboard; sourceTree = "<group>"; };
		57F1423519C274210075AE7A /* SKBViewController.h */ = {isa = PBXFileReference; lastKnownFileType = sourcecode.c.h; path = SKBViewController.h; sourceTree = "<group>"; };
		57F1423619C274210075AE7A /* SKBViewController.m */ = {isa = PBXFileReference; lastKnownFileType = sourcecode.c.objc; path = SKBViewController.m; sourceTree = "<group>"; };
		57F1423819C274210075AE7A /* SKBSplashScene.h */ = {isa = PBXFileReference; lastKnownFileType = sourcecode.c.h; path = SKBSplashScene.h; sourceTree = "<group>"; };
		57F1423919C274210075AE7A /* SKBSplashScene.m */ = {isa = PBXFileReference; lastKnownFileType = sourcecode.c.objc; path = SKBSplashScene.m; sourceTree = "<group>"; };
		57F1423B19C274210075AE7A /* Spaceship.png */ = {isa = PBXFileReference; lastKnownFileType = image.png; path = Spaceship.png; sourceTree = "<group>"; };
		57F1423D19C274210075AE7A /* Images.xcassets */ = {isa = PBXFileReference; lastKnownFileType = folder.assetcatalog; path = Images.xcassets; sourceTree = "<group>"; };
		57F1424319C274210075AE7A /* Sewer BrosTests.xctest */ = {isa = PBXFileReference; explicitFileType = wrapper.cfbundle; includeInIndex = 0; path = "Sewer BrosTests.xctest"; sourceTree = BUILT_PRODUCTS_DIR; };
		57F1424419C274210075AE7A /* XCTest.framework */ = {isa = PBXFileReference; lastKnownFileType = wrapper.framework; name = XCTest.framework; path = Library/Frameworks/XCTest.framework; sourceTree = DEVELOPER_DIR; };
		57F1424C19C274210075AE7A /* Sewer BrosTests-Info.plist */ = {isa = PBXFileReference; lastKnownFileType = text.plist.xml; path = "Sewer BrosTests-Info.plist"; sourceTree = "<group>"; };
		57F1424E19C274210075AE7A /* en */ = {isa = PBXFileReference; lastKnownFileType = text.plist.strings; name = en; path = en.lproj/InfoPlist.strings; sourceTree = "<group>"; };
		57F1425019C274220075AE7A /* Sewer_BrosTests.m */ = {isa = PBXFileReference; lastKnownFileType = sourcecode.c.objc; path = Sewer_BrosTests.m; sourceTree = "<group>"; };
		57F1425C19C2784B0075AE7A /* Player_Right1.png */ = {isa = PBXFileReference; lastKnownFileType = image.png; path = Player_Right1.png; sourceTree = "<group>"; };
		57F1425D19C2784B0075AE7A /* Player_Right2.png */ = {isa = PBXFileReference; lastKnownFileType = image.png; path = Player_Right2.png; sourceTree = "<group>"; };
		57F1425E19C2784B0075AE7A /* Player_Right3.png */ = {isa = PBXFileReference; lastKnownFileType = image.png; path = Player_Right3.png; sourceTree = "<group>"; };
		57F1425F19C2784B0075AE7A /* Player_Right4.png */ = {isa = PBXFileReference; lastKnownFileType = image.png; path = Player_Right4.png; sourceTree = "<group>"; };
		57F1426019C2784B0075AE7A /* SewerSplash_480.png */ = {isa = PBXFileReference; lastKnownFileType = image.png; path = SewerSplash_480.png; sourceTree = "<group>"; };
		57F1426119C2784B0075AE7A /* SewerSplash_568.png */ = {isa = PBXFileReference; lastKnownFileType = image.png; path = SewerSplash_568.png; sourceTree = "<group>"; };
		57F1426819C340190075AE7A /* SKBGameScene.h */ = {isa = PBXFileReference; fileEncoding = 4; lastKnownFileType = sourcecode.c.h; path = SKBGameScene.h; sourceTree = "<group>"; };
		57F1426919C340190075AE7A /* SKBGameScene.m */ = {isa = PBXFileReference; fileEncoding = 4; lastKnownFileType = sourcecode.c.objc; path = SKBGameScene.m; sourceTree = "<group>"; };
		57F1426C19C395870075AE7A /* SKBPlayer.h */ = {isa = PBXFileReference; fileEncoding = 4; lastKnownFileType = sourcecode.c.h; path = SKBPlayer.h; sourceTree = "<group>"; };
		57F1426D19C395870075AE7A /* SKBPlayer.m */ = {isa = PBXFileReference; fileEncoding = 4; lastKnownFileType = sourcecode.c.objc; path = SKBPlayer.m; sourceTree = "<group>"; };
		57F1427419C39E6E0075AE7A /* SKBSpriteTextures.h */ = {isa = PBXFileReference; fileEncoding = 4; lastKnownFileType = sourcecode.c.h; path = SKBSpriteTextures.h; sourceTree = "<group>"; };
		57F1427519C39E6E0075AE7A /* SKBSpriteTextures.m */ = {isa = PBXFileReference; fileEncoding = 4; lastKnownFileType = sourcecode.c.objc; path = SKBSpriteTextures.m; sourceTree = "<group>"; };
		57FEC07519DCD2AE00604464 /* Playerbitten.caf */ = {isa = PBXFileReference; lastKnownFileType = file; path = Playerbitten.caf; sourceTree = "<group>"; };
		57FEC07719DCFDD700604464 /* Text_HighScoreHeader.png */ = {isa = PBXFileReference; lastKnownFileType = image.png; path = Text_HighScoreHeader.png; sourceTree = "<group>"; };
		57FEC07919DDE1E000604464 /* LevelCompleted.caf */ = {isa = PBXFileReference; lastKnownFileType = file; path = LevelCompleted.caf; sourceTree = "<group>"; };
		57FEC07C19DE1D8C00604464 /* Gatorz_KO_L_Hit1.png */ = {isa = PBXFileReference; lastKnownFileType = image.png; path = Gatorz_KO_L_Hit1.png; sourceTree = "<group>"; };
		57FEC07D19DE1D8C00604464 /* Gatorz_KO_L_Hit2.png */ = {isa = PBXFileReference; lastKnownFileType = image.png; path = Gatorz_KO_L_Hit2.png; sourceTree = "<group>"; };
		57FEC07E19DE1D8C00604464 /* Gatorz_KO_L_Hit3.png */ = {isa = PBXFileReference; lastKnownFileType = image.png; path = Gatorz_KO_L_Hit3.png; sourceTree = "<group>"; };
		57FEC07F19DE1D8C00604464 /* Gatorz_KO_L_Hit4.png */ = {isa = PBXFileReference; lastKnownFileType = image.png; path = Gatorz_KO_L_Hit4.png; sourceTree = "<group>"; };
		57FEC08019DE1D8C00604464 /* Gatorz_KO_R_Hit1.png */ = {isa = PBXFileReference; lastKnownFileType = image.png; path = Gatorz_KO_R_Hit1.png; sourceTree = "<group>"; };
		57FEC08119DE1D8C00604464 /* Gatorz_KO_R_Hit2.png */ = {isa = PBXFileReference; lastKnownFileType = image.png; path = Gatorz_KO_R_Hit2.png; sourceTree = "<group>"; };
		57FEC08219DE1D8C00604464 /* Gatorz_KO_R_Hit3.png */ = {isa = PBXFileReference; lastKnownFileType = image.png; path = Gatorz_KO_R_Hit3.png; sourceTree = "<group>"; };
		57FEC08319DE1D8C00604464 /* Gatorz_KO_R_Hit4.png */ = {isa = PBXFileReference; lastKnownFileType = image.png; path = Gatorz_KO_R_Hit4.png; sourceTree = "<group>"; };
		57FEC08419DE1D8C00604464 /* Gatorz_Left_1.png */ = {isa = PBXFileReference; lastKnownFileType = image.png; path = Gatorz_Left_1.png; sourceTree = "<group>"; };
		57FEC08519DE1D8C00604464 /* Gatorz_Left_2.png */ = {isa = PBXFileReference; lastKnownFileType = image.png; path = Gatorz_Left_2.png; sourceTree = "<group>"; };
		57FEC08619DE1D8C00604464 /* Gatorz_Left_3.png */ = {isa = PBXFileReference; lastKnownFileType = image.png; path = Gatorz_Left_3.png; sourceTree = "<group>"; };
		57FEC08719DE1D8C00604464 /* Gatorz_Left_4.png */ = {isa = PBXFileReference; lastKnownFileType = image.png; path = Gatorz_Left_4.png; sourceTree = "<group>"; };
		57FEC08819DE1D8C00604464 /* Gatorz_Left_5.png */ = {isa = PBXFileReference; lastKnownFileType = image.png; path = Gatorz_Left_5.png; sourceTree = "<group>"; };
		57FEC08919DE1D8C00604464 /* Gatorz_Left_turn1.png */ = {isa = PBXFileReference; lastKnownFileType = image.png; path = Gatorz_Left_turn1.png; sourceTree = "<group>"; };
		57FEC08A19DE1D8C00604464 /* Gatorz_Left_turn2.png */ = {isa = PBXFileReference; lastKnownFileType = image.png; path = Gatorz_Left_turn2.png; sourceTree = "<group>"; };
		57FEC08B19DE1D8C00604464 /* Gatorz_Left_turn3.png */ = {isa = PBXFileReference; lastKnownFileType = image.png; path = Gatorz_Left_turn3.png; sourceTree = "<group>"; };
		57FEC08C19DE1D8C00604464 /* Gatorz_Mad_Left_1.png */ = {isa = PBXFileReference; lastKnownFileType = image.png; path = Gatorz_Mad_Left_1.png; sourceTree = "<group>"; };
		57FEC08D19DE1D8C00604464 /* Gatorz_Mad_Left_2.png */ = {isa = PBXFileReference; lastKnownFileType = image.png; path = Gatorz_Mad_Left_2.png; sourceTree = "<group>"; };
		57FEC08E19DE1D8C00604464 /* Gatorz_Mad_Left_3.png */ = {isa = PBXFileReference; lastKnownFileType = image.png; path = Gatorz_Mad_Left_3.png; sourceTree = "<group>"; };
		57FEC08F19DE1D8C00604464 /* Gatorz_Mad_Left_4.png */ = {isa = PBXFileReference; lastKnownFileType = image.png; path = Gatorz_Mad_Left_4.png; sourceTree = "<group>"; };
		57FEC09019DE1D8C00604464 /* Gatorz_Mad_Left_5.png */ = {isa = PBXFileReference; lastKnownFileType = image.png; path = Gatorz_Mad_Left_5.png; sourceTree = "<group>"; };
		57FEC09119DE1D8C00604464 /* Gatorz_Mad_Right_1.png */ = {isa = PBXFileReference; lastKnownFileType = image.png; path = Gatorz_Mad_Right_1.png; sourceTree = "<group>"; };
		57FEC09219DE1D8C00604464 /* Gatorz_Mad_Right_2.png */ = {isa = PBXFileReference; lastKnownFileType = image.png; path = Gatorz_Mad_Right_2.png; sourceTree = "<group>"; };
		57FEC09319DE1D8C00604464 /* Gatorz_Mad_Right_3.png */ = {isa = PBXFileReference; lastKnownFileType = image.png; path = Gatorz_Mad_Right_3.png; sourceTree = "<group>"; };
		57FEC09419DE1D8C00604464 /* Gatorz_Mad_Right_4.png */ = {isa = PBXFileReference; lastKnownFileType = image.png; path = Gatorz_Mad_Right_4.png; sourceTree = "<group>"; };
		57FEC09519DE1D8C00604464 /* Gatorz_Mad_Right_5.png */ = {isa = PBXFileReference; lastKnownFileType = image.png; path = Gatorz_Mad_Right_5.png; sourceTree = "<group>"; };
		57FEC09619DE1D8C00604464 /* Gatorz_Right_1.png */ = {isa = PBXFileReference; lastKnownFileType = image.png; path = Gatorz_Right_1.png; sourceTree = "<group>"; };
		57FEC09719DE1D8C00604464 /* Gatorz_Right_2.png */ = {isa = PBXFileReference; lastKnownFileType = image.png; path = Gatorz_Right_2.png; sourceTree = "<group>"; };
		57FEC09819DE1D8C00604464 /* Gatorz_Right_3.png */ = {isa = PBXFileReference; lastKnownFileType = image.png; path = Gatorz_Right_3.png; sourceTree = "<group>"; };
		57FEC09919DE1D8C00604464 /* Gatorz_Right_4.png */ = {isa = PBXFileReference; lastKnownFileType = image.png; path = Gatorz_Right_4.png; sourceTree = "<group>"; };
		57FEC09A19DE1D8C00604464 /* Gatorz_Right_5.png */ = {isa = PBXFileReference; lastKnownFileType = image.png; path = Gatorz_Right_5.png; sourceTree = "<group>"; };
		57FEC09B19DE1D8C00604464 /* Gatorz_Right_turn1.png */ = {isa = PBXFileReference; lastKnownFileType = image.png; path = Gatorz_Right_turn1.png; sourceTree = "<group>"; };
		57FEC09C19DE1D8C00604464 /* Gatorz_Right_turn2.png */ = {isa = PBXFileReference; lastKnownFileType = image.png; path = Gatorz_Right_turn2.png; sourceTree = "<group>"; };
		57FEC09D19DE1D8C00604464 /* Gatorz_Right_turn3.png */ = {isa = PBXFileReference; lastKnownFileType = image.png; path = Gatorz_Right_turn3.png; sourceTree = "<group>"; };
		57FEC0C119DE206100604464 /* SKBGatorz.h */ = {isa = PBXFileReference; fileEncoding = 4; lastKnownFileType = sourcecode.c.h; path = SKBGatorz.h; sourceTree = "<group>"; };
		57FEC0C219DE206100604464 /* SKBGatorz.m */ = {isa = PBXFileReference; fileEncoding = 4; lastKnownFileType = sourcecode.c.objc; path = SKBGatorz.m; sourceTree = "<group>"; };
		57FEC0C419DE505200604464 /* Instructions.png */ = {isa = PBXFileReference; lastKnownFileType = image.png; path = Instructions.png; sourceTree = "<group>"; };
/* End PBXFileReference section */

/* Begin PBXFrameworksBuildPhase section */
		57F1421819C274210075AE7A /* Frameworks */ = {
			isa = PBXFrameworksBuildPhase;
			buildActionMask = 2147483647;
			files = (
				57F1422119C274210075AE7A /* CoreGraphics.framework in Frameworks */,
				57F1422319C274210075AE7A /* UIKit.framework in Frameworks */,
				57F1422519C274210075AE7A /* SpriteKit.framework in Frameworks */,
				57F1421F19C274210075AE7A /* Foundation.framework in Frameworks */,
			);
			runOnlyForDeploymentPostprocessing = 0;
		};
		57F1424019C274210075AE7A /* Frameworks */ = {
			isa = PBXFrameworksBuildPhase;
			buildActionMask = 2147483647;
			files = (
				57F1424519C274210075AE7A /* XCTest.framework in Frameworks */,
				57F1424719C274210075AE7A /* UIKit.framework in Frameworks */,
				57F1424619C274210075AE7A /* Foundation.framework in Frameworks */,
			);
			runOnlyForDeploymentPostprocessing = 0;
		};
/* End PBXFrameworksBuildPhase section */

/* Begin PBXGroup section */
		5720B87219C73A2400070CE1 /* GameScene */ = {
			isa = PBXGroup;
			children = (
				5720B88119C8C07C00070CE1 /* LedgeBrick.png */,
				5720B87719C74B9900070CE1 /* Base_600.png */,
				5720B87319C73A2400070CE1 /* Backdrop_480.png */,
				5720B87419C73A2400070CE1 /* Backdrop_568.png */,
			);
			path = GameScene;
			sourceTree = "<group>";
		};
		5720B87D19C8BFAD00070CE1 /* SKBLedge */ = {
			isa = PBXGroup;
			children = (
				5720B87E19C8BFD900070CE1 /* SKBLedge.h */,
				5720B87F19C8BFD900070CE1 /* SKBLedge.m */,
			);
			path = SKBLedge;
			sourceTree = "<group>";
		};
		5720B88319C932B800070CE1 /* Ratz */ = {
			isa = PBXGroup;
			children = (
				5766F2CE19D3684D00C5C35F /* Ratz_KO_L_Hit1.png */,
				5766F2CF19D3684D00C5C35F /* Ratz_KO_L_Hit2.png */,
				5766F2D019D3684D00C5C35F /* Ratz_KO_L_Hit3.png */,
				5766F2D119D3684D00C5C35F /* Ratz_KO_L_Hit4.png */,
				5766F2D219D3684D00C5C35F /* Ratz_KO_L_Hit5.png */,
				5766F2D319D3684D00C5C35F /* Ratz_KO_R_Hit1.png */,
				5766F2D419D3684D00C5C35F /* Ratz_KO_R_Hit2.png */,
				5766F2D519D3684D00C5C35F /* Ratz_KO_R_Hit3.png */,
				5766F2D619D3684D00C5C35F /* Ratz_KO_R_Hit4.png */,
				5766F2D719D3684D00C5C35F /* Ratz_KO_R_Hit5.png */,
				5720B88419C932B800070CE1 /* Ratz_Left1.png */,
				5720B88519C932B800070CE1 /* Ratz_Left2.png */,
				5720B88619C932B800070CE1 /* Ratz_Left3.png */,
				5720B88719C932B800070CE1 /* Ratz_Left4.png */,
				5720B88819C932B800070CE1 /* Ratz_Left5.png */,
				5720B88919C932B800070CE1 /* Ratz_Right1.png */,
				5720B88A19C932B800070CE1 /* Ratz_Right2.png */,
				5720B88B19C932B800070CE1 /* Ratz_Right3.png */,
				5720B88C19C932B800070CE1 /* Ratz_Right4.png */,
				5720B88D19C932B800070CE1 /* Ratz_Right5.png */,
			);
			path = Ratz;
			sourceTree = "<group>";
		};
		5720B89819C9343300070CE1 /* SKBRatz */ = {
			isa = PBXGroup;
			children = (
				5720B89919C9346500070CE1 /* SKBRatz.h */,
				5720B89A19C9346500070CE1 /* SKBRatz.m */,
			);
			path = SKBRatz;
			sourceTree = "<group>";
		};
		57616F5519CA77DE0046B927 /* Data */ = {
			isa = PBXGroup;
			children = (
				57616F5619CA78A50046B927 /* CastOfCharacters.plist */,
			);
			path = Data;
			sourceTree = "<group>";
		};
		57616F5819CA8BFF0046B927 /* Numbers */ = {
			isa = PBXGroup;
			children = (
				57FEC07719DCFDD700604464 /* Text_HighScoreHeader.png */,
				57616F5919CA8BFF0046B927 /* Text_Number_0.png */,
				57616F5A19CA8BFF0046B927 /* Text_Number_1.png */,
				57616F5B19CA8BFF0046B927 /* Text_Number_2.png */,
				57616F5C19CA8BFF0046B927 /* Text_Number_3.png */,
				57616F5D19CA8BFF0046B927 /* Text_Number_4.png */,
				57616F5E19CA8BFF0046B927 /* Text_Number_5.png */,
				57616F5F19CA8BFF0046B927 /* Text_Number_6.png */,
				57616F6019CA8BFF0046B927 /* Text_Number_7.png */,
				57616F6119CA8BFF0046B927 /* Text_Number_8.png */,
				57616F6219CA8BFF0046B927 /* Text_Number_9.png */,
				57616F6319CA8BFF0046B927 /* Text_PlayerScoreHeader.png */,
			);
			path = Numbers;
			sourceTree = "<group>";
		};
		57616F6F19CA8C8B0046B927 /* SKBScores */ = {
			isa = PBXGroup;
			children = (
				57616F7019CA8CCB0046B927 /* SKBScores.h */,
				57616F7119CA8CCB0046B927 /* SKBScores.m */,
			);
			path = SKBScores;
			sourceTree = "<group>";
		};
		57AE60E919CDD64D0020DC6C /* Sounds */ = {
			isa = PBXGroup;
			children = (
				57FEC07919DDE1E000604464 /* LevelCompleted.caf */,
				57FEC07519DCD2AE00604464 /* Playerbitten.caf */,
				5766F2E819D4743700C5C35F /* Splash.caf */,
				5766F2E219D375CE00C5C35F /* EnemyCollected.caf */,
				5766F2E319D375CE00C5C35F /* EnemyKO.caf */,
				57DE656819D34DAA00EC3163 /* CoinCollected.caf */,
				57AE60EA19CDD64D0020DC6C /* Jump.caf */,
				57AE60EB19CDD64D0020DC6C /* Run.caf */,
				57AE60EC19CDD64D0020DC6C /* Skid.caf */,
				57AE60ED19CDD64D0020DC6C /* SpawnCoin.caf */,
				57AE60EE19CDD64D0020DC6C /* SpawnEnemy.caf */,
				57AE60EF19CDD64D0020DC6C /* SpawnPlayer.caf */,
				57AE60F019CDD64D0020DC6C /* Theme.caf */,
			);
			path = Sounds;
			sourceTree = "<group>";
		};
		57BCEF6119CA350D001566A6 /* Coin */ = {
			isa = PBXGroup;
			children = (
				57BCEF6219CA350D001566A6 /* Coin1.png */,
				57BCEF6319CA350D001566A6 /* Coin2.png */,
				57BCEF6419CA350D001566A6 /* Coin3.png */,
			);
			path = Coin;
			sourceTree = "<group>";
		};
		57BCEF6819CA36E5001566A6 /* SKBCoin */ = {
			isa = PBXGroup;
			children = (
				57BCEF6919CA3706001566A6 /* SKBCoin.h */,
				57BCEF6A19CA3706001566A6 /* SKBCoin.m */,
			);
			path = SKBCoin;
			sourceTree = "<group>";
		};
		57DE655E19D31AA100EC3163 /* Grate */ = {
			isa = PBXGroup;
			children = (
				57DE655F19D31AA100EC3163 /* Grate.png */,
				57DE656019D31AA100EC3163 /* Grate.psd */,
			);
			path = Grate;
			sourceTree = "<group>";
		};
		57DE656319D31F9300EC3163 /* Pipes */ = {
			isa = PBXGroup;
			children = (
				57DE656419D31F9300EC3163 /* PipeLwrLeft.png */,
				57DE656519D31F9300EC3163 /* PipeLwrRight.png */,
			);
			path = Pipes;
			sourceTree = "<group>";
		};
		57DE656A19D354EE00EC3163 /* Emitters */ = {
			isa = PBXGroup;
			children = (
				5766F2E619D46EE100C5C35F /* Splashed.sks */,
				5766F2CA19D35BEF00C5C35F /* CoinCollected.sks */,
				5766F2CB19D35BEF00C5C35F /* spark.png */,
			);
			path = Emitters;
			sourceTree = "<group>";
		};
		57F1421219C274210075AE7A = {
			isa = PBXGroup;
			children = (
				57F1422619C274210075AE7A /* Sewer Bros */,
				57F1424A19C274210075AE7A /* Sewer BrosTests */,
				57F1421D19C274210075AE7A /* Frameworks */,
				57F1421C19C274210075AE7A /* Products */,
			);
			sourceTree = "<group>";
		};
		57F1421C19C274210075AE7A /* Products */ = {
			isa = PBXGroup;
			children = (
				57F1421B19C274210075AE7A /* Sewer Bros.app */,
				57F1424319C274210075AE7A /* Sewer BrosTests.xctest */,
			);
			name = Products;
			sourceTree = "<group>";
		};
		57F1421D19C274210075AE7A /* Frameworks */ = {
			isa = PBXGroup;
			children = (
				57F1421E19C274210075AE7A /* Foundation.framework */,
				57F1422019C274210075AE7A /* CoreGraphics.framework */,
				57F1422219C274210075AE7A /* UIKit.framework */,
				57F1422419C274210075AE7A /* SpriteKit.framework */,
				57F1424419C274210075AE7A /* XCTest.framework */,
			);
			name = Frameworks;
			sourceTree = "<group>";
		};
		57F1422619C274210075AE7A /* Sewer Bros */ = {
			isa = PBXGroup;
			children = (
				57FEC0C019DE201800604464 /* SKBGatorz */,
				57616F6F19CA8C8B0046B927 /* SKBScores */,
				57BCEF6819CA36E5001566A6 /* SKBCoin */,
				5720B89819C9343300070CE1 /* SKBRatz */,
				5720B87D19C8BFAD00070CE1 /* SKBLedge */,
				57F1427319C39E540075AE7A /* SKBSpriteTextures */,
				57F1426F19C395A90075AE7A /* SKBPlayer */,
				57F1426819C340190075AE7A /* SKBGameScene.h */,
				57F1426919C340190075AE7A /* SKBGameScene.m */,
				57F1422F19C274210075AE7A /* SKBAppDelegate.h */,
				57F1423019C274210075AE7A /* SKBAppDelegate.m */,
				57F1423819C274210075AE7A /* SKBSplashScene.h */,
				57F1423919C274210075AE7A /* SKBSplashScene.m */,
				57F1423219C274210075AE7A /* Main.storyboard */,
				57F1423519C274210075AE7A /* SKBViewController.h */,
				57F1423619C274210075AE7A /* SKBViewController.m */,
				57F1423B19C274210075AE7A /* Spaceship.png */,
				57F1423D19C274210075AE7A /* Images.xcassets */,
				57F1425A19C2784B0075AE7A /* Resources */,
				57F1422719C274210075AE7A /* Supporting Files */,
			);
			path = "Sewer Bros";
			sourceTree = "<group>";
		};
		57F1422719C274210075AE7A /* Supporting Files */ = {
			isa = PBXGroup;
			children = (
				57F1422819C274210075AE7A /* Sewer Bros-Info.plist */,
				57F1422919C274210075AE7A /* InfoPlist.strings */,
				57F1422C19C274210075AE7A /* main.m */,
				57F1422E19C274210075AE7A /* Sewer Bros-Prefix.pch */,
			);
			name = "Supporting Files";
			sourceTree = "<group>";
		};
		57F1424A19C274210075AE7A /* Sewer BrosTests */ = {
			isa = PBXGroup;
			children = (
				57F1425019C274220075AE7A /* Sewer_BrosTests.m */,
				57F1424B19C274210075AE7A /* Supporting Files */,
			);
			path = "Sewer BrosTests";
			sourceTree = "<group>";
		};
		57F1424B19C274210075AE7A /* Supporting Files */ = {
			isa = PBXGroup;
			children = (
				57F1424C19C274210075AE7A /* Sewer BrosTests-Info.plist */,
				57F1424D19C274210075AE7A /* InfoPlist.strings */,
			);
			name = "Supporting Files";
			sourceTree = "<group>";
		};
		57F1425A19C2784B0075AE7A /* Resources */ = {
			isa = PBXGroup;
			children = (
				57DE656A19D354EE00EC3163 /* Emitters */,
				57AE60E919CDD64D0020DC6C /* Sounds */,
				57616F5519CA77DE0046B927 /* Data */,
				57F1425B19C2784B0075AE7A /* Images */,
			);
			path = Resources;
			sourceTree = "<group>";
		};
		57F1425B19C2784B0075AE7A /* Images */ = {
			isa = PBXGroup;
			children = (
				57FEC07B19DE1D8C00604464 /* Gatorz */,
				57DE656319D31F9300EC3163 /* Pipes */,
				57DE655E19D31AA100EC3163 /* Grate */,
				57616F5819CA8BFF0046B927 /* Numbers */,
				57BCEF6119CA350D001566A6 /* Coin */,
				5720B88319C932B800070CE1 /* Ratz */,
				5720B87219C73A2400070CE1 /* GameScene */,
				57F1426B19C392F80075AE7A /* Player */,
				57FEC0C419DE505200604464 /* Instructions.png */,
				57F1426019C2784B0075AE7A /* SewerSplash_480.png */,
				57F1426119C2784B0075AE7A /* SewerSplash_568.png */,
			);
			path = Images;
			sourceTree = "<group>";
		};
		57F1426B19C392F80075AE7A /* Player */ = {
			isa = PBXGroup;
			children = (
				5720B87919C779BA00070CE1 /* Player_LeftJump.png */,
				5720B87A19C779BA00070CE1 /* Player_RightJump.png */,
				5720B86E19C3F25000070CE1 /* Player_LeftSkid.png */,
				5720B86F19C3F25000070CE1 /* Player_RightSkid.png */,
				5720B86A19C3F10500070CE1 /* Player_Left_Still.png */,
				5720B86B19C3F10500070CE1 /* Player_Right_Still.png */,
				5720B86219C3DBB000070CE1 /* Player_Left1.png */,
				5720B86319C3DBB000070CE1 /* Player_Left2.png */,
				5720B86419C3DBB000070CE1 /* Player_Left3.png */,
				5720B86519C3DBB000070CE1 /* Player_Left4.png */,
				57F1425C19C2784B0075AE7A /* Player_Right1.png */,
				57F1425D19C2784B0075AE7A /* Player_Right2.png */,
				57F1425E19C2784B0075AE7A /* Player_Right3.png */,
				57F1425F19C2784B0075AE7A /* Player_Right4.png */,
			);
			name = Player;
			sourceTree = "<group>";
		};
		57F1426F19C395A90075AE7A /* SKBPlayer */ = {
			isa = PBXGroup;
			children = (
				57F1426C19C395870075AE7A /* SKBPlayer.h */,
				57F1426D19C395870075AE7A /* SKBPlayer.m */,
			);
			path = SKBPlayer;
			sourceTree = "<group>";
		};
		57F1427319C39E540075AE7A /* SKBSpriteTextures */ = {
			isa = PBXGroup;
			children = (
				57F1427419C39E6E0075AE7A /* SKBSpriteTextures.h */,
				57F1427519C39E6E0075AE7A /* SKBSpriteTextures.m */,
			);
			path = SKBSpriteTextures;
			sourceTree = "<group>";
		};
		57FEC07B19DE1D8C00604464 /* Gatorz */ = {
			isa = PBXGroup;
			children = (
				57FEC07C19DE1D8C00604464 /* Gatorz_KO_L_Hit1.png */,
				57FEC07D19DE1D8C00604464 /* Gatorz_KO_L_Hit2.png */,
				57FEC07E19DE1D8C00604464 /* Gatorz_KO_L_Hit3.png */,
				57FEC07F19DE1D8C00604464 /* Gatorz_KO_L_Hit4.png */,
				57FEC08019DE1D8C00604464 /* Gatorz_KO_R_Hit1.png */,
				57FEC08119DE1D8C00604464 /* Gatorz_KO_R_Hit2.png */,
				57FEC08219DE1D8C00604464 /* Gatorz_KO_R_Hit3.png */,
				57FEC08319DE1D8C00604464 /* Gatorz_KO_R_Hit4.png */,
				57FEC08419DE1D8C00604464 /* Gatorz_Left_1.png */,
				57FEC08519DE1D8C00604464 /* Gatorz_Left_2.png */,
				57FEC08619DE1D8C00604464 /* Gatorz_Left_3.png */,
				57FEC08719DE1D8C00604464 /* Gatorz_Left_4.png */,
				57FEC08819DE1D8C00604464 /* Gatorz_Left_5.png */,
				57FEC08919DE1D8C00604464 /* Gatorz_Left_turn1.png */,
				57FEC08A19DE1D8C00604464 /* Gatorz_Left_turn2.png */,
				57FEC08B19DE1D8C00604464 /* Gatorz_Left_turn3.png */,
				57FEC08C19DE1D8C00604464 /* Gatorz_Mad_Left_1.png */,
				57FEC08D19DE1D8C00604464 /* Gatorz_Mad_Left_2.png */,
				57FEC08E19DE1D8C00604464 /* Gatorz_Mad_Left_3.png */,
				57FEC08F19DE1D8C00604464 /* Gatorz_Mad_Left_4.png */,
				57FEC09019DE1D8C00604464 /* Gatorz_Mad_Left_5.png */,
				57FEC09119DE1D8C00604464 /* Gatorz_Mad_Right_1.png */,
				57FEC09219DE1D8C00604464 /* Gatorz_Mad_Right_2.png */,
				57FEC09319DE1D8C00604464 /* Gatorz_Mad_Right_3.png */,
				57FEC09419DE1D8C00604464 /* Gatorz_Mad_Right_4.png */,
				57FEC09519DE1D8C00604464 /* Gatorz_Mad_Right_5.png */,
				57FEC09619DE1D8C00604464 /* Gatorz_Right_1.png */,
				57FEC09719DE1D8C00604464 /* Gatorz_Right_2.png */,
				57FEC09819DE1D8C00604464 /* Gatorz_Right_3.png */,
				57FEC09919DE1D8C00604464 /* Gatorz_Right_4.png */,
				57FEC09A19DE1D8C00604464 /* Gatorz_Right_5.png */,
				57FEC09B19DE1D8C00604464 /* Gatorz_Right_turn1.png */,
				57FEC09C19DE1D8C00604464 /* Gatorz_Right_turn2.png */,
				57FEC09D19DE1D8C00604464 /* Gatorz_Right_turn3.png */,
			);
			path = Gatorz;
			sourceTree = "<group>";
		};
		57FEC0C019DE201800604464 /* SKBGatorz */ = {
			isa = PBXGroup;
			children = (
				57FEC0C119DE206100604464 /* SKBGatorz.h */,
				57FEC0C219DE206100604464 /* SKBGatorz.m */,
			);
			path = SKBGatorz;
			sourceTree = "<group>";
		};
/* End PBXGroup section */

/* Begin PBXNativeTarget section */
		57F1421A19C274210075AE7A /* Sewer Bros */ = {
			isa = PBXNativeTarget;
			buildConfigurationList = 57F1425419C274220075AE7A /* Build configuration list for PBXNativeTarget "Sewer Bros" */;
			buildPhases = (
				57F1421719C274210075AE7A /* Sources */,
				57F1421819C274210075AE7A /* Frameworks */,
				57F1421919C274210075AE7A /* Resources */,
			);
			buildRules = (
			);
			dependencies = (
			);
			name = "Sewer Bros";
			productName = "Sewer Bros";
			productReference = 57F1421B19C274210075AE7A /* Sewer Bros.app */;
			productType = "com.apple.product-type.application";
		};
		57F1424219C274210075AE7A /* Sewer BrosTests */ = {
			isa = PBXNativeTarget;
			buildConfigurationList = 57F1425719C274220075AE7A /* Build configuration list for PBXNativeTarget "Sewer BrosTests" */;
			buildPhases = (
				57F1423F19C274210075AE7A /* Sources */,
				57F1424019C274210075AE7A /* Frameworks */,
				57F1424119C274210075AE7A /* Resources */,
			);
			buildRules = (
			);
			dependencies = (
				57F1424919C274210075AE7A /* PBXTargetDependency */,
			);
			name = "Sewer BrosTests";
			productName = "Sewer BrosTests";
			productReference = 57F1424319C274210075AE7A /* Sewer BrosTests.xctest */;
			productType = "com.apple.product-type.bundle.unit-test";
		};
/* End PBXNativeTarget section */

/* Begin PBXProject section */
		57F1421319C274210075AE7A /* Project object */ = {
			isa = PBXProject;
			attributes = {
				CLASSPREFIX = SKB;
				LastUpgradeCheck = 0510;
				ORGANIZATIONNAME = "victor alejandro reza rodriguez";
				TargetAttributes = {
					57F1424219C274210075AE7A = {
						TestTargetID = 57F1421A19C274210075AE7A;
					};
				};
			};
			buildConfigurationList = 57F1421619C274210075AE7A /* Build configuration list for PBXProject "Sewer Bros" */;
			compatibilityVersion = "Xcode 3.2";
			developmentRegion = English;
			hasScannedForEncodings = 0;
			knownRegions = (
				en,
				Base,
			);
			mainGroup = 57F1421219C274210075AE7A;
			productRefGroup = 57F1421C19C274210075AE7A /* Products */;
			projectDirPath = "";
			projectRoot = "";
			targets = (
				57F1421A19C274210075AE7A /* Sewer Bros */,
				57F1424219C274210075AE7A /* Sewer BrosTests */,
			);
		};
/* End PBXProject section */

/* Begin PBXResourcesBuildPhase section */
		57F1421919C274210075AE7A /* Resources */ = {
			isa = PBXResourcesBuildPhase;
			buildActionMask = 2147483647;
			files = (
				57F1426219C2784B0075AE7A /* Player_Right1.png in Resources */,
				57616F6719CA8BFF0046B927 /* Text_Number_3.png in Resources */,
				57F1426719C2784B0075AE7A /* SewerSplash_568.png in Resources */,
				57F1422B19C274210075AE7A /* InfoPlist.strings in Resources */,
				57FEC0AD19DE1D8C00604464 /* Gatorz_Left_turn3.png in Resources */,
				57FEC0A719DE1D8C00604464 /* Gatorz_Left_2.png in Resources */,
				57FEC0A419DE1D8C00604464 /* Gatorz_KO_R_Hit3.png in Resources */,
				57DE656619D31F9300EC3163 /* PipeLwrLeft.png in Resources */,
				5766F2E419D375CE00C5C35F /* EnemyCollected.caf in Resources */,
				57AE60F119CDD64D0020DC6C /* Jump.caf in Resources */,
				57F1426519C2784B0075AE7A /* Player_Right4.png in Resources */,
				57AE60F219CDD64D0020DC6C /* Run.caf in Resources */,
				5720B86919C3DBB000070CE1 /* Player_Left4.png in Resources */,
				5720B89619C932B800070CE1 /* Ratz_Right4.png in Resources */,
				5766F2E719D46EE100C5C35F /* Splashed.sks in Resources */,
				5766F2CD19D35BEF00C5C35F /* spark.png in Resources */,
				5720B86819C3DBB000070CE1 /* Player_Left3.png in Resources */,
				57FEC0B119DE1D8C00604464 /* Gatorz_Mad_Left_4.png in Resources */,
				57FEC0B919DE1D8C00604464 /* Gatorz_Right_2.png in Resources */,
				57FEC0B819DE1D8C00604464 /* Gatorz_Right_1.png in Resources */,
				57BCEF6619CA350D001566A6 /* Coin2.png in Resources */,
				5720B89019C932B800070CE1 /* Ratz_Left3.png in Resources */,
				57FEC0A219DE1D8C00604464 /* Gatorz_KO_R_Hit1.png in Resources */,
				5766F2DB19D3684D00C5C35F /* Ratz_KO_L_Hit4.png in Resources */,
				57FEC0B319DE1D8C00604464 /* Gatorz_Mad_Right_1.png in Resources */,
				5720B87019C3F25000070CE1 /* Player_LeftSkid.png in Resources */,
				5766F2DE19D3684D00C5C35F /* Ratz_KO_R_Hit2.png in Resources */,
				5720B86719C3DBB000070CE1 /* Player_Left2.png in Resources */,
				5720B87C19C779BA00070CE1 /* Player_RightJump.png in Resources */,
				5720B86619C3DBB000070CE1 /* Player_Left1.png in Resources */,
				5720B89319C932B800070CE1 /* Ratz_Right1.png in Resources */,
				57616F6B19CA8BFF0046B927 /* Text_Number_7.png in Resources */,
				57616F6819CA8BFF0046B927 /* Text_Number_4.png in Resources */,
				57FEC0B219DE1D8C00604464 /* Gatorz_Mad_Left_5.png in Resources */,
				57F1423E19C274210075AE7A /* Images.xcassets in Resources */,
				57AE60F719CDD64D0020DC6C /* Theme.caf in Resources */,
				5766F2DA19D3684D00C5C35F /* Ratz_KO_L_Hit3.png in Resources */,
				57FEC0AA19DE1D8C00604464 /* Gatorz_Left_5.png in Resources */,
				57FEC0BD19DE1D8C00604464 /* Gatorz_Right_turn1.png in Resources */,
				5766F2DD19D3684D00C5C35F /* Ratz_KO_R_Hit1.png in Resources */,
				57DE656219D31AA100EC3163 /* Grate.psd in Resources */,
				57BCEF6519CA350D001566A6 /* Coin1.png in Resources */,
				5720B86C19C3F10500070CE1 /* Player_Left_Still.png in Resources */,
				57FEC0AF19DE1D8C00604464 /* Gatorz_Mad_Left_2.png in Resources */,
				5720B87B19C779BA00070CE1 /* Player_LeftJump.png in Resources */,
				57FEC0B419DE1D8C00604464 /* Gatorz_Mad_Right_2.png in Resources */,
				5720B89219C932B800070CE1 /* Ratz_Left5.png in Resources */,
				57616F6919CA8BFF0046B927 /* Text_Number_5.png in Resources */,
				57AE60F419CDD64D0020DC6C /* SpawnCoin.caf in Resources */,
				57FEC0BB19DE1D8C00604464 /* Gatorz_Right_4.png in Resources */,
				57616F6419CA8BFF0046B927 /* Text_Number_0.png in Resources */,
				57FEC07619DCD2AE00604464 /* Playerbitten.caf in Resources */,
				57FEC0BA19DE1D8C00604464 /* Gatorz_Right_3.png in Resources */,
				57FEC07819DCFDD700604464 /* Text_HighScoreHeader.png in Resources */,
				5766F2CC19D35BEF00C5C35F /* CoinCollected.sks in Resources */,
				5720B87619C73A2400070CE1 /* Backdrop_568.png in Resources */,
				5766F2DC19D3684D00C5C35F /* Ratz_KO_L_Hit5.png in Resources */,
				57FEC0A819DE1D8C00604464 /* Gatorz_Left_3.png in Resources */,
				5766F2D919D3684D00C5C35F /* Ratz_KO_L_Hit2.png in Resources */,
				57616F6D19CA8BFF0046B927 /* Text_Number_9.png in Resources */,
				5766F2E019D3684D00C5C35F /* Ratz_KO_R_Hit4.png in Resources */,
				57FEC0B519DE1D8C00604464 /* Gatorz_Mad_Right_3.png in Resources */,
				5720B88F19C932B800070CE1 /* Ratz_Left2.png in Resources */,
				57FEC0B019DE1D8C00604464 /* Gatorz_Mad_Left_3.png in Resources */,
				57FEC0BC19DE1D8C00604464 /* Gatorz_Right_5.png in Resources */,
				5720B86D19C3F10500070CE1 /* Player_Right_Still.png in Resources */,
				57AE60F519CDD64D0020DC6C /* SpawnEnemy.caf in Resources */,
				57FEC0C519DE505200604464 /* Instructions.png in Resources */,
				5720B89519C932B800070CE1 /* Ratz_Right3.png in Resources */,
				57FEC0AB19DE1D8C00604464 /* Gatorz_Left_turn1.png in Resources */,
				5720B87519C73A2400070CE1 /* Backdrop_480.png in Resources */,
				5766F2E919D4743700C5C35F /* Splash.caf in Resources */,
				57FEC09E19DE1D8C00604464 /* Gatorz_KO_L_Hit1.png in Resources */,
				57FEC0AC19DE1D8C00604464 /* Gatorz_Left_turn2.png in Resources */,
				57FEC0A019DE1D8C00604464 /* Gatorz_KO_L_Hit3.png in Resources */,
				57FEC0BE19DE1D8C00604464 /* Gatorz_Right_turn2.png in Resources */,
				57F1423C19C274210075AE7A /* Spaceship.png in Resources */,
				57BCEF6719CA350D001566A6 /* Coin3.png in Resources */,
				57616F6C19CA8BFF0046B927 /* Text_Number_8.png in Resources */,
				57DE656719D31F9300EC3163 /* PipeLwrRight.png in Resources */,
				57AE60F319CDD64D0020DC6C /* Skid.caf in Resources */,
				57616F6E19CA8BFF0046B927 /* Text_PlayerScoreHeader.png in Resources */,
				5720B87819C74B9900070CE1 /* Base_600.png in Resources */,
				57AE60F619CDD64D0020DC6C /* SpawnPlayer.caf in Resources */,
				57F1426319C2784B0075AE7A /* Player_Right2.png in Resources */,
				57FEC0A519DE1D8C00604464 /* Gatorz_KO_R_Hit4.png in Resources */,
				5720B89719C932B800070CE1 /* Ratz_Right5.png in Resources */,
				57FEC0B619DE1D8C00604464 /* Gatorz_Mad_Right_4.png in Resources */,
				57F1426619C2784B0075AE7A /* SewerSplash_480.png in Resources */,
				57616F5719CA78A50046B927 /* CastOfCharacters.plist in Resources */,
				57FEC0B719DE1D8C00604464 /* Gatorz_Mad_Right_5.png in Resources */,
				57FEC07A19DDE1E000604464 /* LevelCompleted.caf in Resources */,
				57FEC0A119DE1D8C00604464 /* Gatorz_KO_L_Hit4.png in Resources */,
				57FEC0A919DE1D8C00604464 /* Gatorz_Left_4.png in Resources */,
				57FEC0AE19DE1D8C00604464 /* Gatorz_Mad_Left_1.png in Resources */,
				57DE656119D31AA100EC3163 /* Grate.png in Resources */,
				57616F6619CA8BFF0046B927 /* Text_Number_2.png in Resources */,
				5720B89419C932B800070CE1 /* Ratz_Right2.png in Resources */,
				57616F6519CA8BFF0046B927 /* Text_Number_1.png in Resources */,
				57FEC0BF19DE1D8C00604464 /* Gatorz_Right_turn3.png in Resources */,
				57FEC0A619DE1D8C00604464 /* Gatorz_Left_1.png in Resources */,
				57DE656919D34DAA00EC3163 /* CoinCollected.caf in Resources */,
				57FEC09F19DE1D8C00604464 /* Gatorz_KO_L_Hit2.png in Resources */,
				5720B88E19C932B800070CE1 /* Ratz_Left1.png in Resources */,
				57F1426419C2784B0075AE7A /* Player_Right3.png in Resources */,
				57FEC0A319DE1D8C00604464 /* Gatorz_KO_R_Hit2.png in Resources */,
				5720B89119C932B800070CE1 /* Ratz_Left4.png in Resources */,
				5720B88219C8C07C00070CE1 /* LedgeBrick.png in Resources */,
				5720B87119C3F25000070CE1 /* Player_RightSkid.png in Resources */,
				5766F2E119D3684D00C5C35F /* Ratz_KO_R_Hit5.png in Resources */,
				5766F2DF19D3684D00C5C35F /* Ratz_KO_R_Hit3.png in Resources */,
				5766F2E519D375CE00C5C35F /* EnemyKO.caf in Resources */,
				57616F6A19CA8BFF0046B927 /* Text_Number_6.png in Resources */,
				57F1423419C274210075AE7A /* Main.storyboard in Resources */,
				5766F2D819D3684D00C5C35F /* Ratz_KO_L_Hit1.png in Resources */,
			);
			runOnlyForDeploymentPostprocessing = 0;
		};
		57F1424119C274210075AE7A /* Resources */ = {
			isa = PBXResourcesBuildPhase;
			buildActionMask = 2147483647;
			files = (
				57F1424F19C274210075AE7A /* InfoPlist.strings in Resources */,
			);
			runOnlyForDeploymentPostprocessing = 0;
		};
/* End PBXResourcesBuildPhase section */

/* Begin PBXSourcesBuildPhase section */
		57F1421719C274210075AE7A /* Sources */ = {
			isa = PBXSourcesBuildPhase;
			buildActionMask = 2147483647;
			files = (
				57F1422D19C274210075AE7A /* main.m in Sources */,
				57FEC0C319DE206100604464 /* SKBGatorz.m in Sources */,
				57BCEF6B19CA3706001566A6 /* SKBCoin.m in Sources */,
				57F1427619C39E6E0075AE7A /* SKBSpriteTextures.m in Sources */,
				57F1423119C274210075AE7A /* SKBAppDelegate.m in Sources */,
				57F1423719C274210075AE7A /* SKBViewController.m in Sources */,
				57F1426E19C395870075AE7A /* SKBPlayer.m in Sources */,
				57F1426A19C340190075AE7A /* SKBGameScene.m in Sources */,
				5720B89B19C9346500070CE1 /* SKBRatz.m in Sources */,
				57616F7219CA8CCB0046B927 /* SKBScores.m in Sources */,
				5720B88019C8BFD900070CE1 /* SKBLedge.m in Sources */,
				57F1423A19C274210075AE7A /* SKBSplashScene.m in Sources */,
			);
			runOnlyForDeploymentPostprocessing = 0;
		};
		57F1423F19C274210075AE7A /* Sources */ = {
			isa = PBXSourcesBuildPhase;
			buildActionMask = 2147483647;
			files = (
				57F1425119C274220075AE7A /* Sewer_BrosTests.m in Sources */,
			);
			runOnlyForDeploymentPostprocessing = 0;
		};
/* End PBXSourcesBuildPhase section */

/* Begin PBXTargetDependency section */
		57F1424919C274210075AE7A /* PBXTargetDependency */ = {
			isa = PBXTargetDependency;
			target = 57F1421A19C274210075AE7A /* Sewer Bros */;
			targetProxy = 57F1424819C274210075AE7A /* PBXContainerItemProxy */;
		};
/* End PBXTargetDependency section */

/* Begin PBXVariantGroup section */
		57F1422919C274210075AE7A /* InfoPlist.strings */ = {
			isa = PBXVariantGroup;
			children = (
				57F1422A19C274210075AE7A /* en */,
			);
			name = InfoPlist.strings;
			sourceTree = "<group>";
		};
		57F1423219C274210075AE7A /* Main.storyboard */ = {
			isa = PBXVariantGroup;
			children = (
				57F1423319C274210075AE7A /* Base */,
			);
			name = Main.storyboard;
			sourceTree = "<group>";
		};
		57F1424D19C274210075AE7A /* InfoPlist.strings */ = {
			isa = PBXVariantGroup;
			children = (
				57F1424E19C274210075AE7A /* en */,
			);
			name = InfoPlist.strings;
			sourceTree = "<group>";
		};
/* End PBXVariantGroup section */

/* Begin XCBuildConfiguration section */
		57F1425219C274220075AE7A /* Debug */ = {
			isa = XCBuildConfiguration;
			buildSettings = {
				ALWAYS_SEARCH_USER_PATHS = NO;
				CLANG_CXX_LANGUAGE_STANDARD = "gnu++0x";
				CLANG_CXX_LIBRARY = "libc++";
				CLANG_ENABLE_MODULES = YES;
				CLANG_ENABLE_OBJC_ARC = YES;
				CLANG_WARN_BOOL_CONVERSION = YES;
				CLANG_WARN_CONSTANT_CONVERSION = YES;
				CLANG_WARN_DIRECT_OBJC_ISA_USAGE = YES_ERROR;
				CLANG_WARN_EMPTY_BODY = YES;
				CLANG_WARN_ENUM_CONVERSION = YES;
				CLANG_WARN_INT_CONVERSION = YES;
				CLANG_WARN_OBJC_ROOT_CLASS = YES_ERROR;
				CLANG_WARN__DUPLICATE_METHOD_MATCH = YES;
				"CODE_SIGN_IDENTITY[sdk=iphoneos*]" = "iPhone Developer";
				COPY_PHASE_STRIP = NO;
				GCC_C_LANGUAGE_STANDARD = gnu99;
				GCC_DYNAMIC_NO_PIC = NO;
				GCC_OPTIMIZATION_LEVEL = 0;
				GCC_PREPROCESSOR_DEFINITIONS = (
					"DEBUG=1",
					"$(inherited)",
				);
				GCC_SYMBOLS_PRIVATE_EXTERN = NO;
				GCC_WARN_64_TO_32_BIT_CONVERSION = YES;
				GCC_WARN_ABOUT_RETURN_TYPE = YES_ERROR;
				GCC_WARN_UNDECLARED_SELECTOR = YES;
				GCC_WARN_UNINITIALIZED_AUTOS = YES_AGGRESSIVE;
				GCC_WARN_UNUSED_FUNCTION = YES;
				GCC_WARN_UNUSED_VARIABLE = YES;
				IPHONEOS_DEPLOYMENT_TARGET = 7.1;
				ONLY_ACTIVE_ARCH = YES;
				SDKROOT = iphoneos;
			};
			name = Debug;
		};
		57F1425319C274220075AE7A /* Release */ = {
			isa = XCBuildConfiguration;
			buildSettings = {
				ALWAYS_SEARCH_USER_PATHS = NO;
				CLANG_CXX_LANGUAGE_STANDARD = "gnu++0x";
				CLANG_CXX_LIBRARY = "libc++";
				CLANG_ENABLE_MODULES = YES;
				CLANG_ENABLE_OBJC_ARC = YES;
				CLANG_WARN_BOOL_CONVERSION = YES;
				CLANG_WARN_CONSTANT_CONVERSION = YES;
				CLANG_WARN_DIRECT_OBJC_ISA_USAGE = YES_ERROR;
				CLANG_WARN_EMPTY_BODY = YES;
				CLANG_WARN_ENUM_CONVERSION = YES;
				CLANG_WARN_INT_CONVERSION = YES;
				CLANG_WARN_OBJC_ROOT_CLASS = YES_ERROR;
				CLANG_WARN__DUPLICATE_METHOD_MATCH = YES;
				"CODE_SIGN_IDENTITY[sdk=iphoneos*]" = "iPhone Developer";
				COPY_PHASE_STRIP = YES;
				ENABLE_NS_ASSERTIONS = NO;
				GCC_C_LANGUAGE_STANDARD = gnu99;
				GCC_WARN_64_TO_32_BIT_CONVERSION = YES;
				GCC_WARN_ABOUT_RETURN_TYPE = YES_ERROR;
				GCC_WARN_UNDECLARED_SELECTOR = YES;
				GCC_WARN_UNINITIALIZED_AUTOS = YES_AGGRESSIVE;
				GCC_WARN_UNUSED_FUNCTION = YES;
				GCC_WARN_UNUSED_VARIABLE = YES;
				IPHONEOS_DEPLOYMENT_TARGET = 7.1;
				SDKROOT = iphoneos;
				VALIDATE_PRODUCT = YES;
			};
			name = Release;
		};
		57F1425519C274220075AE7A /* Debug */ = {
			isa = XCBuildConfiguration;
			buildSettings = {
				ASSETCATALOG_COMPILER_APPICON_NAME = AppIcon;
				ASSETCATALOG_COMPILER_LAUNCHIMAGE_NAME = LaunchImage;
				GCC_PRECOMPILE_PREFIX_HEADER = YES;
				GCC_PREFIX_HEADER = "Sewer Bros/Sewer Bros-Prefix.pch";
				INFOPLIST_FILE = "Sewer Bros/Sewer Bros-Info.plist";
				PRODUCT_NAME = "$(TARGET_NAME)";
				SPRITEKIT_TEXTURE_ATLAS_OUTPUT = YES;
				WRAPPER_EXTENSION = app;
			};
			name = Debug;
		};
		57F1425619C274220075AE7A /* Release */ = {
			isa = XCBuildConfiguration;
			buildSettings = {
				ASSETCATALOG_COMPILER_APPICON_NAME = AppIcon;
				ASSETCATALOG_COMPILER_LAUNCHIMAGE_NAME = LaunchImage;
				GCC_PRECOMPILE_PREFIX_HEADER = YES;
				GCC_PREFIX_HEADER = "Sewer Bros/Sewer Bros-Prefix.pch";
				INFOPLIST_FILE = "Sewer Bros/Sewer Bros-Info.plist";
				PRODUCT_NAME = "$(TARGET_NAME)";
				SPRITEKIT_TEXTURE_ATLAS_OUTPUT = YES;
				WRAPPER_EXTENSION = app;
			};
			name = Release;
		};
		57F1425819C274220075AE7A /* Debug */ = {
			isa = XCBuildConfiguration;
			buildSettings = {
				BUNDLE_LOADER = "$(BUILT_PRODUCTS_DIR)/Sewer Bros.app/Sewer Bros";
				FRAMEWORK_SEARCH_PATHS = (
					"$(SDKROOT)/Developer/Library/Frameworks",
					"$(inherited)",
					"$(DEVELOPER_FRAMEWORKS_DIR)",
				);
				GCC_PRECOMPILE_PREFIX_HEADER = YES;
				GCC_PREFIX_HEADER = "Sewer Bros/Sewer Bros-Prefix.pch";
				GCC_PREPROCESSOR_DEFINITIONS = (
					"DEBUG=1",
					"$(inherited)",
				);
				INFOPLIST_FILE = "Sewer BrosTests/Sewer BrosTests-Info.plist";
				PRODUCT_NAME = "$(TARGET_NAME)";
				TEST_HOST = "$(BUNDLE_LOADER)";
				WRAPPER_EXTENSION = xctest;
			};
			name = Debug;
		};
		57F1425919C274220075AE7A /* Release */ = {
			isa = XCBuildConfiguration;
			buildSettings = {
				BUNDLE_LOADER = "$(BUILT_PRODUCTS_DIR)/Sewer Bros.app/Sewer Bros";
				FRAMEWORK_SEARCH_PATHS = (
					"$(SDKROOT)/Developer/Library/Frameworks",
					"$(inherited)",
					"$(DEVELOPER_FRAMEWORKS_DIR)",
				);
				GCC_PRECOMPILE_PREFIX_HEADER = YES;
				GCC_PREFIX_HEADER = "Sewer Bros/Sewer Bros-Prefix.pch";
				INFOPLIST_FILE = "Sewer BrosTests/Sewer BrosTests-Info.plist";
				PRODUCT_NAME = "$(TARGET_NAME)";
				TEST_HOST = "$(BUNDLE_LOADER)";
				WRAPPER_EXTENSION = xctest;
			};
			name = Release;
		};
/* End XCBuildConfiguration section */

/* Begin XCConfigurationList section */
		57F1421619C274210075AE7A /* Build configuration list for PBXProject "Sewer Bros" */ = {
			isa = XCConfigurationList;
			buildConfigurations = (
				57F1425219C274220075AE7A /* Debug */,
				57F1425319C274220075AE7A /* Release */,
			);
			defaultConfigurationIsVisible = 0;
			defaultConfigurationName = Release;
		};
		57F1425419C274220075AE7A /* Build configuration list for PBXNativeTarget "Sewer Bros" */ = {
			isa = XCConfigurationList;
			buildConfigurations = (
				57F1425519C274220075AE7A /* Debug */,
				57F1425619C274220075AE7A /* Release */,
			);
			defaultConfigurationIsVisible = 0;
			defaultConfigurationName = Release;
		};
		57F1425719C274220075AE7A /* Build configuration list for PBXNativeTarget "Sewer BrosTests" */ = {
			isa = XCConfigurationList;
			buildConfigurations = (
				57F1425819C274220075AE7A /* Debug */,
				57F1425919C274220075AE7A /* Release */,
			);
			defaultConfigurationIsVisible = 0;
			defaultConfigurationName = Release;
		};
/* End XCConfigurationList section */
	};
	rootObject = 57F1421319C274210075AE7A /* Project object */;
}
